// !$*UTF8*$!
{
	archiveVersion = 1;
	classes = {
	};
	objectVersion = 56;
	objects = {

/* Begin PBXBuildFile section */
		DE625A8B2A3C9E320005EE46 /* SimpleMediaReaderExampleReduxApp.swift in Sources */ = {isa = PBXBuildFile; fileRef = DE625A8A2A3C9E320005EE46 /* SimpleMediaReaderExampleReduxApp.swift */; };
		DE625A8D2A3C9E320005EE46 /* ContentView.swift in Sources */ = {isa = PBXBuildFile; fileRef = DE625A8C2A3C9E320005EE46 /* ContentView.swift */; };
		DE625A8F2A3C9E320005EE46 /* Assets.xcassets in Resources */ = {isa = PBXBuildFile; fileRef = DE625A8E2A3C9E320005EE46 /* Assets.xcassets */; };
		DE625A922A3C9E320005EE46 /* Preview Assets.xcassets in Resources */ = {isa = PBXBuildFile; fileRef = DE625A912A3C9E320005EE46 /* Preview Assets.xcassets */; };
		DE625A9C2A3C9E330005EE46 /* SimpleMediaReaderExampleReduxTests.swift in Sources */ = {isa = PBXBuildFile; fileRef = DE625A9B2A3C9E330005EE46 /* SimpleMediaReaderExampleReduxTests.swift */; };
		DE625AA62A3C9E330005EE46 /* SimpleMediaReaderExampleReduxUITests.swift in Sources */ = {isa = PBXBuildFile; fileRef = DE625AA52A3C9E330005EE46 /* SimpleMediaReaderExampleReduxUITests.swift */; };
		DE625AA82A3C9E330005EE46 /* SimpleMediaReaderExampleReduxUITestsLaunchTests.swift in Sources */ = {isa = PBXBuildFile; fileRef = DE625AA72A3C9E330005EE46 /* SimpleMediaReaderExampleReduxUITestsLaunchTests.swift */; };
/* End PBXBuildFile section */

/* Begin PBXContainerItemProxy section */
		DE625A982A3C9E330005EE46 /* PBXContainerItemProxy */ = {
			isa = PBXContainerItemProxy;
			containerPortal = DE625A7F2A3C9E320005EE46 /* Project object */;
			proxyType = 1;
			remoteGlobalIDString = DE625A862A3C9E320005EE46;
			remoteInfo = SimpleMediaReaderExampleRedux;
		};
		DE625AA22A3C9E330005EE46 /* PBXContainerItemProxy */ = {
			isa = PBXContainerItemProxy;
			containerPortal = DE625A7F2A3C9E320005EE46 /* Project object */;
			proxyType = 1;
			remoteGlobalIDString = DE625A862A3C9E320005EE46;
			remoteInfo = SimpleMediaReaderExampleRedux;
		};
/* End PBXContainerItemProxy section */

/* Begin PBXFileReference section */
		DE625A872A3C9E320005EE46 /* SimpleMediaReaderExampleRedux.app */ = {isa = PBXFileReference; explicitFileType = wrapper.application; includeInIndex = 0; path = SimpleMediaReaderExampleRedux.app; sourceTree = BUILT_PRODUCTS_DIR; };
		DE625A8A2A3C9E320005EE46 /* SimpleMediaReaderExampleReduxApp.swift */ = {isa = PBXFileReference; lastKnownFileType = sourcecode.swift; path = SimpleMediaReaderExampleReduxApp.swift; sourceTree = "<group>"; };
		DE625A8C2A3C9E320005EE46 /* ContentView.swift */ = {isa = PBXFileReference; lastKnownFileType = sourcecode.swift; path = ContentView.swift; sourceTree = "<group>"; };
		DE625A8E2A3C9E320005EE46 /* Assets.xcassets */ = {isa = PBXFileReference; lastKnownFileType = folder.assetcatalog; path = Assets.xcassets; sourceTree = "<group>"; };
		DE625A912A3C9E320005EE46 /* Preview Assets.xcassets */ = {isa = PBXFileReference; lastKnownFileType = folder.assetcatalog; path = "Preview Assets.xcassets"; sourceTree = "<group>"; };
		DE625A972A3C9E330005EE46 /* SimpleMediaReaderExampleReduxTests.xctest */ = {isa = PBXFileReference; explicitFileType = wrapper.cfbundle; includeInIndex = 0; path = SimpleMediaReaderExampleReduxTests.xctest; sourceTree = BUILT_PRODUCTS_DIR; };
		DE625A9B2A3C9E330005EE46 /* SimpleMediaReaderExampleReduxTests.swift */ = {isa = PBXFileReference; lastKnownFileType = sourcecode.swift; path = SimpleMediaReaderExampleReduxTests.swift; sourceTree = "<group>"; };
		DE625AA12A3C9E330005EE46 /* SimpleMediaReaderExampleReduxUITests.xctest */ = {isa = PBXFileReference; explicitFileType = wrapper.cfbundle; includeInIndex = 0; path = SimpleMediaReaderExampleReduxUITests.xctest; sourceTree = BUILT_PRODUCTS_DIR; };
		DE625AA52A3C9E330005EE46 /* SimpleMediaReaderExampleReduxUITests.swift */ = {isa = PBXFileReference; lastKnownFileType = sourcecode.swift; path = SimpleMediaReaderExampleReduxUITests.swift; sourceTree = "<group>"; };
		DE625AA72A3C9E330005EE46 /* SimpleMediaReaderExampleReduxUITestsLaunchTests.swift */ = {isa = PBXFileReference; lastKnownFileType = sourcecode.swift; path = SimpleMediaReaderExampleReduxUITestsLaunchTests.swift; sourceTree = "<group>"; };
/* End PBXFileReference section */

/* Begin PBXFrameworksBuildPhase section */
		DE625A842A3C9E320005EE46 /* Frameworks */ = {
			isa = PBXFrameworksBuildPhase;
			buildActionMask = 2147483647;
			files = (
			);
			runOnlyForDeploymentPostprocessing = 0;
		};
		DE625A942A3C9E330005EE46 /* Frameworks */ = {
			isa = PBXFrameworksBuildPhase;
			buildActionMask = 2147483647;
			files = (
			);
			runOnlyForDeploymentPostprocessing = 0;
		};
		DE625A9E2A3C9E330005EE46 /* Frameworks */ = {
			isa = PBXFrameworksBuildPhase;
			buildActionMask = 2147483647;
			files = (
			);
			runOnlyForDeploymentPostprocessing = 0;
		};
/* End PBXFrameworksBuildPhase section */

/* Begin PBXGroup section */
		DE625A7E2A3C9E320005EE46 = {
			isa = PBXGroup;
			children = (
				DE625A892A3C9E320005EE46 /* SimpleMediaReaderExampleRedux */,
				DE625A9A2A3C9E330005EE46 /* SimpleMediaReaderExampleReduxTests */,
				DE625AA42A3C9E330005EE46 /* SimpleMediaReaderExampleReduxUITests */,
				DE625A882A3C9E320005EE46 /* Products */,
			);
			sourceTree = "<group>";
		};
		DE625A882A3C9E320005EE46 /* Products */ = {
			isa = PBXGroup;
			children = (
				DE625A872A3C9E320005EE46 /* SimpleMediaReaderExampleRedux.app */,
				DE625A972A3C9E330005EE46 /* SimpleMediaReaderExampleReduxTests.xctest */,
				DE625AA12A3C9E330005EE46 /* SimpleMediaReaderExampleReduxUITests.xctest */,
			);
			name = Products;
			sourceTree = "<group>";
		};
		DE625A892A3C9E320005EE46 /* SimpleMediaReaderExampleRedux */ = {
			isa = PBXGroup;
			children = (
				DE625A8A2A3C9E320005EE46 /* SimpleMediaReaderExampleReduxApp.swift */,
				DE625A8C2A3C9E320005EE46 /* ContentView.swift */,
				DE625A8E2A3C9E320005EE46 /* Assets.xcassets */,
				DE625A902A3C9E320005EE46 /* Preview Content */,
			);
			path = SimpleMediaReaderExampleRedux;
			sourceTree = "<group>";
		};
		DE625A902A3C9E320005EE46 /* Preview Content */ = {
			isa = PBXGroup;
			children = (
				DE625A912A3C9E320005EE46 /* Preview Assets.xcassets */,
			);
			path = "Preview Content";
			sourceTree = "<group>";
		};
		DE625A9A2A3C9E330005EE46 /* SimpleMediaReaderExampleReduxTests */ = {
			isa = PBXGroup;
			children = (
				DE625A9B2A3C9E330005EE46 /* SimpleMediaReaderExampleReduxTests.swift */,
			);
			path = SimpleMediaReaderExampleReduxTests;
			sourceTree = "<group>";
		};
		DE625AA42A3C9E330005EE46 /* SimpleMediaReaderExampleReduxUITests */ = {
			isa = PBXGroup;
			children = (
				DE625AA52A3C9E330005EE46 /* SimpleMediaReaderExampleReduxUITests.swift */,
				DE625AA72A3C9E330005EE46 /* SimpleMediaReaderExampleReduxUITestsLaunchTests.swift */,
			);
			path = SimpleMediaReaderExampleReduxUITests;
			sourceTree = "<group>";
		};
/* End PBXGroup section */

/* Begin PBXNativeTarget section */
		DE625A862A3C9E320005EE46 /* SimpleMediaReaderExampleRedux */ = {
			isa = PBXNativeTarget;
			buildConfigurationList = DE625AAB2A3C9E330005EE46 /* Build configuration list for PBXNativeTarget "SimpleMediaReaderExampleRedux" */;
			buildPhases = (
				DE625A832A3C9E320005EE46 /* Sources */,
				DE625A842A3C9E320005EE46 /* Frameworks */,
				DE625A852A3C9E320005EE46 /* Resources */,
			);
			buildRules = (
			);
			dependencies = (
			);
			name = SimpleMediaReaderExampleRedux;
			productName = SimpleMediaReaderExampleRedux;
			productReference = DE625A872A3C9E320005EE46 /* SimpleMediaReaderExampleRedux.app */;
			productType = "com.apple.product-type.application";
		};
		DE625A962A3C9E330005EE46 /* SimpleMediaReaderExampleReduxTests */ = {
			isa = PBXNativeTarget;
			buildConfigurationList = DE625AAE2A3C9E330005EE46 /* Build configuration list for PBXNativeTarget "SimpleMediaReaderExampleReduxTests" */;
			buildPhases = (
				DE625A932A3C9E330005EE46 /* Sources */,
				DE625A942A3C9E330005EE46 /* Frameworks */,
				DE625A952A3C9E330005EE46 /* Resources */,
			);
			buildRules = (
			);
			dependencies = (
				DE625A992A3C9E330005EE46 /* PBXTargetDependency */,
			);
			name = SimpleMediaReaderExampleReduxTests;
			productName = SimpleMediaReaderExampleReduxTests;
			productReference = DE625A972A3C9E330005EE46 /* SimpleMediaReaderExampleReduxTests.xctest */;
			productType = "com.apple.product-type.bundle.unit-test";
		};
		DE625AA02A3C9E330005EE46 /* SimpleMediaReaderExampleReduxUITests */ = {
			isa = PBXNativeTarget;
			buildConfigurationList = DE625AB12A3C9E330005EE46 /* Build configuration list for PBXNativeTarget "SimpleMediaReaderExampleReduxUITests" */;
			buildPhases = (
				DE625A9D2A3C9E330005EE46 /* Sources */,
				DE625A9E2A3C9E330005EE46 /* Frameworks */,
				DE625A9F2A3C9E330005EE46 /* Resources */,
			);
			buildRules = (
			);
			dependencies = (
				DE625AA32A3C9E330005EE46 /* PBXTargetDependency */,
			);
			name = SimpleMediaReaderExampleReduxUITests;
			productName = SimpleMediaReaderExampleReduxUITests;
			productReference = DE625AA12A3C9E330005EE46 /* SimpleMediaReaderExampleReduxUITests.xctest */;
			productType = "com.apple.product-type.bundle.ui-testing";
		};
/* End PBXNativeTarget section */

/* Begin PBXProject section */
		DE625A7F2A3C9E320005EE46 /* Project object */ = {
			isa = PBXProject;
			attributes = {
				BuildIndependentTargetsInParallel = 1;
				LastSwiftUpdateCheck = 1430;
				LastUpgradeCheck = 1430;
				TargetAttributes = {
					DE625A862A3C9E320005EE46 = {
						CreatedOnToolsVersion = 14.3.1;
					};
					DE625A962A3C9E330005EE46 = {
						CreatedOnToolsVersion = 14.3.1;
						TestTargetID = DE625A862A3C9E320005EE46;
					};
					DE625AA02A3C9E330005EE46 = {
						CreatedOnToolsVersion = 14.3.1;
						TestTargetID = DE625A862A3C9E320005EE46;
					};
				};
			};
			buildConfigurationList = DE625A822A3C9E320005EE46 /* Build configuration list for PBXProject "SimpleMediaReaderExampleRedux" */;
			compatibilityVersion = "Xcode 14.0";
			developmentRegion = en;
			hasScannedForEncodings = 0;
			knownRegions = (
				en,
				Base,
			);
			mainGroup = DE625A7E2A3C9E320005EE46;
			productRefGroup = DE625A882A3C9E320005EE46 /* Products */;
			projectDirPath = "";
			projectRoot = "";
			targets = (
				DE625A862A3C9E320005EE46 /* SimpleMediaReaderExampleRedux */,
				DE625A962A3C9E330005EE46 /* SimpleMediaReaderExampleReduxTests */,
				DE625AA02A3C9E330005EE46 /* SimpleMediaReaderExampleReduxUITests */,
			);
		};
/* End PBXProject section */

/* Begin PBXResourcesBuildPhase section */
		DE625A852A3C9E320005EE46 /* Resources */ = {
			isa = PBXResourcesBuildPhase;
			buildActionMask = 2147483647;
			files = (
				DE625A922A3C9E320005EE46 /* Preview Assets.xcassets in Resources */,
				DE625A8F2A3C9E320005EE46 /* Assets.xcassets in Resources */,
			);
			runOnlyForDeploymentPostprocessing = 0;
		};
		DE625A952A3C9E330005EE46 /* Resources */ = {
			isa = PBXResourcesBuildPhase;
			buildActionMask = 2147483647;
			files = (
			);
			runOnlyForDeploymentPostprocessing = 0;
		};
		DE625A9F2A3C9E330005EE46 /* Resources */ = {
			isa = PBXResourcesBuildPhase;
			buildActionMask = 2147483647;
			files = (
			);
			runOnlyForDeploymentPostprocessing = 0;
		};
/* End PBXResourcesBuildPhase section */

/* Begin PBXSourcesBuildPhase section */
		DE625A832A3C9E320005EE46 /* Sources */ = {
			isa = PBXSourcesBuildPhase;
			buildActionMask = 2147483647;
			files = (
				DE625A8D2A3C9E320005EE46 /* ContentView.swift in Sources */,
				DE625A8B2A3C9E320005EE46 /* SimpleMediaReaderExampleReduxApp.swift in Sources */,
			);
			runOnlyForDeploymentPostprocessing = 0;
		};
		DE625A932A3C9E330005EE46 /* Sources */ = {
			isa = PBXSourcesBuildPhase;
			buildActionMask = 2147483647;
			files = (
				DE625A9C2A3C9E330005EE46 /* SimpleMediaReaderExampleReduxTests.swift in Sources */,
			);
			runOnlyForDeploymentPostprocessing = 0;
		};
		DE625A9D2A3C9E330005EE46 /* Sources */ = {
			isa = PBXSourcesBuildPhase;
			buildActionMask = 2147483647;
			files = (
				DE625AA82A3C9E330005EE46 /* SimpleMediaReaderExampleReduxUITestsLaunchTests.swift in Sources */,
				DE625AA62A3C9E330005EE46 /* SimpleMediaReaderExampleReduxUITests.swift in Sources */,
			);
			runOnlyForDeploymentPostprocessing = 0;
		};
/* End PBXSourcesBuildPhase section */

/* Begin PBXTargetDependency section */
		DE625A992A3C9E330005EE46 /* PBXTargetDependency */ = {
			isa = PBXTargetDependency;
			target = DE625A862A3C9E320005EE46 /* SimpleMediaReaderExampleRedux */;
			targetProxy = DE625A982A3C9E330005EE46 /* PBXContainerItemProxy */;
		};
		DE625AA32A3C9E330005EE46 /* PBXTargetDependency */ = {
			isa = PBXTargetDependency;
			target = DE625A862A3C9E320005EE46 /* SimpleMediaReaderExampleRedux */;
			targetProxy = DE625AA22A3C9E330005EE46 /* PBXContainerItemProxy */;
		};
/* End PBXTargetDependency section */

/* Begin XCBuildConfiguration section */
		DE625AA92A3C9E330005EE46 /* Debug */ = {
			isa = XCBuildConfiguration;
			buildSettings = {
				ALWAYS_SEARCH_USER_PATHS = NO;
				CLANG_ANALYZER_NONNULL = YES;
				CLANG_ANALYZER_NUMBER_OBJECT_CONVERSION = YES_AGGRESSIVE;
				CLANG_CXX_LANGUAGE_STANDARD = "gnu++20";
				CLANG_ENABLE_MODULES = YES;
				CLANG_ENABLE_OBJC_ARC = YES;
				CLANG_ENABLE_OBJC_WEAK = YES;
				CLANG_WARN_BLOCK_CAPTURE_AUTORELEASING = YES;
				CLANG_WARN_BOOL_CONVERSION = YES;
				CLANG_WARN_COMMA = YES;
				CLANG_WARN_CONSTANT_CONVERSION = YES;
				CLANG_WARN_DEPRECATED_OBJC_IMPLEMENTATIONS = YES;
				CLANG_WARN_DIRECT_OBJC_ISA_USAGE = YES_ERROR;
				CLANG_WARN_DOCUMENTATION_COMMENTS = YES;
				CLANG_WARN_EMPTY_BODY = YES;
				CLANG_WARN_ENUM_CONVERSION = YES;
				CLANG_WARN_INFINITE_RECURSION = YES;
				CLANG_WARN_INT_CONVERSION = YES;
				CLANG_WARN_NON_LITERAL_NULL_CONVERSION = YES;
				CLANG_WARN_OBJC_IMPLICIT_RETAIN_SELF = YES;
				CLANG_WARN_OBJC_LITERAL_CONVERSION = YES;
				CLANG_WARN_OBJC_ROOT_CLASS = YES_ERROR;
				CLANG_WARN_QUOTED_INCLUDE_IN_FRAMEWORK_HEADER = YES;
				CLANG_WARN_RANGE_LOOP_ANALYSIS = YES;
				CLANG_WARN_STRICT_PROTOTYPES = YES;
				CLANG_WARN_SUSPICIOUS_MOVE = YES;
				CLANG_WARN_UNGUARDED_AVAILABILITY = YES_AGGRESSIVE;
				CLANG_WARN_UNREACHABLE_CODE = YES;
				CLANG_WARN__DUPLICATE_METHOD_MATCH = YES;
				COPY_PHASE_STRIP = NO;
				DEBUG_INFORMATION_FORMAT = dwarf;
				ENABLE_STRICT_OBJC_MSGSEND = YES;
				ENABLE_TESTABILITY = YES;
				GCC_C_LANGUAGE_STANDARD = gnu11;
				GCC_DYNAMIC_NO_PIC = NO;
				GCC_NO_COMMON_BLOCKS = YES;
				GCC_OPTIMIZATION_LEVEL = 0;
				GCC_PREPROCESSOR_DEFINITIONS = (
					"DEBUG=1",
					"$(inherited)",
				);
				GCC_WARN_64_TO_32_BIT_CONVERSION = YES;
				GCC_WARN_ABOUT_RETURN_TYPE = YES_ERROR;
				GCC_WARN_UNDECLARED_SELECTOR = YES;
				GCC_WARN_UNINITIALIZED_AUTOS = YES_AGGRESSIVE;
				GCC_WARN_UNUSED_FUNCTION = YES;
				GCC_WARN_UNUSED_VARIABLE = YES;
				IPHONEOS_DEPLOYMENT_TARGET = 16.4;
				MTL_ENABLE_DEBUG_INFO = INCLUDE_SOURCE;
				MTL_FAST_MATH = YES;
				ONLY_ACTIVE_ARCH = YES;
				SDKROOT = iphoneos;
				SWIFT_ACTIVE_COMPILATION_CONDITIONS = DEBUG;
				SWIFT_OPTIMIZATION_LEVEL = "-Onone";
			};
			name = Debug;
		};
		DE625AAA2A3C9E330005EE46 /* Release */ = {
			isa = XCBuildConfiguration;
			buildSettings = {
				ALWAYS_SEARCH_USER_PATHS = NO;
				CLANG_ANALYZER_NONNULL = YES;
				CLANG_ANALYZER_NUMBER_OBJECT_CONVERSION = YES_AGGRESSIVE;
				CLANG_CXX_LANGUAGE_STANDARD = "gnu++20";
				CLANG_ENABLE_MODULES = YES;
				CLANG_ENABLE_OBJC_ARC = YES;
				CLANG_ENABLE_OBJC_WEAK = YES;
				CLANG_WARN_BLOCK_CAPTURE_AUTORELEASING = YES;
				CLANG_WARN_BOOL_CONVERSION = YES;
				CLANG_WARN_COMMA = YES;
				CLANG_WARN_CONSTANT_CONVERSION = YES;
				CLANG_WARN_DEPRECATED_OBJC_IMPLEMENTATIONS = YES;
				CLANG_WARN_DIRECT_OBJC_ISA_USAGE = YES_ERROR;
				CLANG_WARN_DOCUMENTATION_COMMENTS = YES;
				CLANG_WARN_EMPTY_BODY = YES;
				CLANG_WARN_ENUM_CONVERSION = YES;
				CLANG_WARN_INFINITE_RECURSION = YES;
				CLANG_WARN_INT_CONVERSION = YES;
				CLANG_WARN_NON_LITERAL_NULL_CONVERSION = YES;
				CLANG_WARN_OBJC_IMPLICIT_RETAIN_SELF = YES;
				CLANG_WARN_OBJC_LITERAL_CONVERSION = YES;
				CLANG_WARN_OBJC_ROOT_CLASS = YES_ERROR;
				CLANG_WARN_QUOTED_INCLUDE_IN_FRAMEWORK_HEADER = YES;
				CLANG_WARN_RANGE_LOOP_ANALYSIS = YES;
				CLANG_WARN_STRICT_PROTOTYPES = YES;
				CLANG_WARN_SUSPICIOUS_MOVE = YES;
				CLANG_WARN_UNGUARDED_AVAILABILITY = YES_AGGRESSIVE;
				CLANG_WARN_UNREACHABLE_CODE = YES;
				CLANG_WARN__DUPLICATE_METHOD_MATCH = YES;
				COPY_PHASE_STRIP = NO;
				DEBUG_INFORMATION_FORMAT = "dwarf-with-dsym";
				ENABLE_NS_ASSERTIONS = NO;
				ENABLE_STRICT_OBJC_MSGSEND = YES;
				GCC_C_LANGUAGE_STANDARD = gnu11;
				GCC_NO_COMMON_BLOCKS = YES;
				GCC_WARN_64_TO_32_BIT_CONVERSION = YES;
				GCC_WARN_ABOUT_RETURN_TYPE = YES_ERROR;
				GCC_WARN_UNDECLARED_SELECTOR = YES;
				GCC_WARN_UNINITIALIZED_AUTOS = YES_AGGRESSIVE;
				GCC_WARN_UNUSED_FUNCTION = YES;
				GCC_WARN_UNUSED_VARIABLE = YES;
				IPHONEOS_DEPLOYMENT_TARGET = 16.4;
				MTL_ENABLE_DEBUG_INFO = NO;
				MTL_FAST_MATH = YES;
				SDKROOT = iphoneos;
				SWIFT_COMPILATION_MODE = wholemodule;
				SWIFT_OPTIMIZATION_LEVEL = "-O";
				VALIDATE_PRODUCT = YES;
			};
			name = Release;
		};
		DE625AAC2A3C9E330005EE46 /* Debug */ = {
			isa = XCBuildConfiguration;
			buildSettings = {
				ASSETCATALOG_COMPILER_APPICON_NAME = AppIcon;
				ASSETCATALOG_COMPILER_GLOBAL_ACCENT_COLOR_NAME = AccentColor;
				CODE_SIGN_STYLE = Automatic;
				CURRENT_PROJECT_VERSION = 1;
				DEVELOPMENT_ASSET_PATHS = "\"SimpleMediaReaderExampleRedux/Preview Content\"";
				DEVELOPMENT_TEAM = S5BF5553KY;
				ENABLE_PREVIEWS = YES;
				GENERATE_INFOPLIST_FILE = YES;
				INFOPLIST_KEY_UIApplicationSceneManifest_Generation = YES;
				INFOPLIST_KEY_UIApplicationSupportsIndirectInputEvents = YES;
				INFOPLIST_KEY_UILaunchScreen_Generation = YES;
				INFOPLIST_KEY_UISupportedInterfaceOrientations_iPad = "UIInterfaceOrientationPortrait UIInterfaceOrientationPortraitUpsideDown UIInterfaceOrientationLandscapeLeft UIInterfaceOrientationLandscapeRight";
				INFOPLIST_KEY_UISupportedInterfaceOrientations_iPhone = "UIInterfaceOrientationPortrait UIInterfaceOrientationLandscapeLeft UIInterfaceOrientationLandscapeRight";
				LD_RUNPATH_SEARCH_PATHS = (
					"$(inherited)",
					"@executable_path/Frameworks",
				);
				MARKETING_VERSION = 1.0;
				PRODUCT_BUNDLE_IDENTIFIER = net.just1factory.SimpleMediaReaderExampleRedux;
				PRODUCT_NAME = "$(TARGET_NAME)";
				SWIFT_EMIT_LOC_STRINGS = YES;
				SWIFT_VERSION = 5.0;
				TARGETED_DEVICE_FAMILY = "1,2";
			};
			name = Debug;
		};
		DE625AAD2A3C9E330005EE46 /* Release */ = {
			isa = XCBuildConfiguration;
			buildSettings = {
				ASSETCATALOG_COMPILER_APPICON_NAME = AppIcon;
				ASSETCATALOG_COMPILER_GLOBAL_ACCENT_COLOR_NAME = AccentColor;
				CODE_SIGN_STYLE = Automatic;
				CURRENT_PROJECT_VERSION = 1;
				DEVELOPMENT_ASSET_PATHS = "\"SimpleMediaReaderExampleRedux/Preview Content\"";
				DEVELOPMENT_TEAM = S5BF5553KY;
				ENABLE_PREVIEWS = YES;
				GENERATE_INFOPLIST_FILE = YES;
				INFOPLIST_KEY_UIApplicationSceneManifest_Generation = YES;
				INFOPLIST_KEY_UIApplicationSupportsIndirectInputEvents = YES;
				INFOPLIST_KEY_UILaunchScreen_Generation = YES;
				INFOPLIST_KEY_UISupportedInterfaceOrientations_iPad = "UIInterfaceOrientationPortrait UIInterfaceOrientationPortraitUpsideDown UIInterfaceOrientationLandscapeLeft UIInterfaceOrientationLandscapeRight";
				INFOPLIST_KEY_UISupportedInterfaceOrientations_iPhone = "UIInterfaceOrientationPortrait UIInterfaceOrientationLandscapeLeft UIInterfaceOrientationLandscapeRight";
				LD_RUNPATH_SEARCH_PATHS = (
					"$(inherited)",
					"@executable_path/Frameworks",
				);
				MARKETING_VERSION = 1.0;
				PRODUCT_BUNDLE_IDENTIFIER = net.just1factory.SimpleMediaReaderExampleRedux;
				PRODUCT_NAME = "$(TARGET_NAME)";
				SWIFT_EMIT_LOC_STRINGS = YES;
				SWIFT_VERSION = 5.0;
				TARGETED_DEVICE_FAMILY = "1,2";
			};
			name = Release;
		};
		DE625AAF2A3C9E330005EE46 /* Debug */ = {
			isa = XCBuildConfiguration;
			buildSettings = {
				ALWAYS_EMBED_SWIFT_STANDARD_LIBRARIES = YES;
				BUNDLE_LOADER = "$(TEST_HOST)";
				CODE_SIGN_STYLE = Automatic;
				CURRENT_PROJECT_VERSION = 1;
				DEVELOPMENT_TEAM = S5BF5553KY;
				GENERATE_INFOPLIST_FILE = YES;
				IPHONEOS_DEPLOYMENT_TARGET = 16.4;
				MARKETING_VERSION = 1.0;
				PRODUCT_BUNDLE_IDENTIFIER = net.just1factory.SimpleMediaReaderExampleReduxTests;
				PRODUCT_NAME = "$(TARGET_NAME)";
				SWIFT_EMIT_LOC_STRINGS = NO;
				SWIFT_VERSION = 5.0;
				TARGETED_DEVICE_FAMILY = "1,2";
				TEST_HOST = "$(BUILT_PRODUCTS_DIR)/SimpleMediaReaderExampleRedux.app/$(BUNDLE_EXECUTABLE_FOLDER_PATH)/SimpleMediaReaderExampleRedux";
			};
			name = Debug;
		};
		DE625AB02A3C9E330005EE46 /* Release */ = {
			isa = XCBuildConfiguration;
			buildSettings = {
				ALWAYS_EMBED_SWIFT_STANDARD_LIBRARIES = YES;
				BUNDLE_LOADER = "$(TEST_HOST)";
				CODE_SIGN_STYLE = Automatic;
				CURRENT_PROJECT_VERSION = 1;
				DEVELOPMENT_TEAM = S5BF5553KY;
				GENERATE_INFOPLIST_FILE = YES;
				IPHONEOS_DEPLOYMENT_TARGET = 16.4;
				MARKETING_VERSION = 1.0;
				PRODUCT_BUNDLE_IDENTIFIER = net.just1factory.SimpleMediaReaderExampleReduxTests;
				PRODUCT_NAME = "$(TARGET_NAME)";
				SWIFT_EMIT_LOC_STRINGS = NO;
				SWIFT_VERSION = 5.0;
				TARGETED_DEVICE_FAMILY = "1,2";
				TEST_HOST = "$(BUILT_PRODUCTS_DIR)/SimpleMediaReaderExampleRedux.app/$(BUNDLE_EXECUTABLE_FOLDER_PATH)/SimpleMediaReaderExampleRedux";
			};
			name = Release;
		};
		DE625AB22A3C9E330005EE46 /* Debug */ = {
			isa = XCBuildConfiguration;
			buildSettings = {
				ALWAYS_EMBED_SWIFT_STANDARD_LIBRARIES = YES;
				CODE_SIGN_STYLE = Automatic;
				CURRENT_PROJECT_VERSION = 1;
				DEVELOPMENT_TEAM = S5BF5553KY;
				GENERATE_INFOPLIST_FILE = YES;
				MARKETING_VERSION = 1.0;
				PRODUCT_BUNDLE_IDENTIFIER = net.just1factory.SimpleMediaReaderExampleReduxUITests;
				PRODUCT_NAME = "$(TARGET_NAME)";
				SWIFT_EMIT_LOC_STRINGS = NO;
				SWIFT_VERSION = 5.0;
				TARGETED_DEVICE_FAMILY = "1,2";
				TEST_TARGET_NAME = SimpleMediaReaderExampleRedux;
			};
			name = Debug;
		};
		DE625AB32A3C9E330005EE46 /* Release */ = {
			isa = XCBuildConfiguration;
			buildSettings = {
				ALWAYS_EMBED_SWIFT_STANDARD_LIBRARIES = YES;
				CODE_SIGN_STYLE = Automatic;
				CURRENT_PROJECT_VERSION = 1;
				DEVELOPMENT_TEAM = S5BF5553KY;
				GENERATE_INFOPLIST_FILE = YES;
				MARKETING_VERSION = 1.0;
				PRODUCT_BUNDLE_IDENTIFIER = net.just1factory.SimpleMediaReaderExampleReduxUITests;
				PRODUCT_NAME = "$(TARGET_NAME)";
				SWIFT_EMIT_LOC_STRINGS = NO;
				SWIFT_VERSION = 5.0;
				TARGETED_DEVICE_FAMILY = "1,2";
				TEST_TARGET_NAME = SimpleMediaReaderExampleRedux;
			};
			name = Release;
		};
/* End XCBuildConfiguration section */

/* Begin XCConfigurationList section */
		DE625A822A3C9E320005EE46 /* Build configuration list for PBXProject "SimpleMediaReaderExampleRedux" */ = {
			isa = XCConfigurationList;
			buildConfigurations = (
				DE625AA92A3C9E330005EE46 /* Debug */,
				DE625AAA2A3C9E330005EE46 /* Release */,
			);
			defaultConfigurationIsVisible = 0;
			defaultConfigurationName = Release;
		};
		DE625AAB2A3C9E330005EE46 /* Build configuration list for PBXNativeTarget "SimpleMediaReaderExampleRedux" */ = {
			isa = XCConfigurationList;
			buildConfigurations = (
				DE625AAC2A3C9E330005EE46 /* Debug */,
				DE625AAD2A3C9E330005EE46 /* Release */,
			);
			defaultConfigurationIsVisible = 0;
			defaultConfigurationName = Release;
		};
		DE625AAE2A3C9E330005EE46 /* Build configuration list for PBXNativeTarget "SimpleMediaReaderExampleReduxTests" */ = {
			isa = XCConfigurationList;
			buildConfigurations = (
				DE625AAF2A3C9E330005EE46 /* Debug */,
				DE625AB02A3C9E330005EE46 /* Release */,
			);
			defaultConfigurationIsVisible = 0;
			defaultConfigurationName = Release;
		};
		DE625AB12A3C9E330005EE46 /* Build configuration list for PBXNativeTarget "SimpleMediaReaderExampleReduxUITests" */ = {
			isa = XCConfigurationList;
			buildConfigurations = (
				DE625AB22A3C9E330005EE46 /* Debug */,
				DE625AB32A3C9E330005EE46 /* Release */,
			);
			defaultConfigurationIsVisible = 0;
			defaultConfigurationName = Release;
		};
/* End XCConfigurationList section */
	};
	rootObject = DE625A7F2A3C9E320005EE46 /* Project object */;
}
