// !$*UTF8*$!
{
	archiveVersion = 1;
	classes = {
	};
	objectVersion = 56;
	objects = {

/* Begin PBXBuildFile section */
		DE3BEAA52D8D574A008B49E8 /* ConnectionErrorView.swift in Sources */ = {isa = PBXBuildFile; fileRef = DE3BEAA42D8D574A008B49E8 /* ConnectionErrorView.swift */; };
		DE3BEAA92D8D5DBE008B49E8 /* Cosmos in Frameworks */ = {isa = PBXBuildFile; productRef = DE3BEAA82D8D5DBE008B49E8 /* Cosmos */; };
		DE3BEAAB2D8D5E77008B49E8 /* RatingViewRepresentable.swift in Sources */ = {isa = PBXBuildFile; fileRef = DE3BEAAA2D8D5E77008B49E8 /* RatingViewRepresentable.swift */; };
		DE3BEAAD2D8D5EBD008B49E8 /* StarRatingView.swift in Sources */ = {isa = PBXBuildFile; fileRef = DE3BEAAC2D8D5EBD008B49E8 /* StarRatingView.swift */; };
		DE3BEAB12D8D5FEA008B49E8 /* LoadingIndicatorViewRepresentable.swift in Sources */ = {isa = PBXBuildFile; fileRef = DE3BEAB02D8D5FEA008B49E8 /* LoadingIndicatorViewRepresentable.swift */; };
		DE3BEAB52D8D618E008B49E8 /* ExecutingConnectionView.swift in Sources */ = {isa = PBXBuildFile; fileRef = DE3BEAB42D8D618E008B49E8 /* ExecutingConnectionView.swift */; };
		DE576C952C931FA400249532 /* SimpleMediaReaderExampleApp.swift in Sources */ = {isa = PBXBuildFile; fileRef = DE576C942C931FA400249532 /* SimpleMediaReaderExampleApp.swift */; };
		DE576C972C931FA400249532 /* ContentView.swift in Sources */ = {isa = PBXBuildFile; fileRef = DE576C962C931FA400249532 /* ContentView.swift */; };
		DE576C992C931FA600249532 /* Assets.xcassets in Resources */ = {isa = PBXBuildFile; fileRef = DE576C982C931FA600249532 /* Assets.xcassets */; };
		DE576C9C2C931FA600249532 /* Preview Assets.xcassets in Resources */ = {isa = PBXBuildFile; fileRef = DE576C9B2C931FA600249532 /* Preview Assets.xcassets */; };
		DE645A092D6C09E1007F8595 /* AppDelegate.swift in Sources */ = {isa = PBXBuildFile; fileRef = DE645A082D6C09E1007F8595 /* AppDelegate.swift */; };
		DE645A122D6C9D42007F8595 /* UIColorExtension.swift in Sources */ = {isa = PBXBuildFile; fileRef = DE645A112D6C9D42007F8595 /* UIColorExtension.swift */; };
		DE645A162D6C9D73007F8595 /* ColorExtension.swift in Sources */ = {isa = PBXBuildFile; fileRef = DE645A152D6C9D73007F8595 /* ColorExtension.swift */; };
		DE645A182D6C9D94007F8595 /* FirstAppearExtension.swift in Sources */ = {isa = PBXBuildFile; fileRef = DE645A172D6C9D94007F8595 /* FirstAppearExtension.swift */; };
		DE645A1E2D6C9E58007F8595 /* FoodScreen.swift in Sources */ = {isa = PBXBuildFile; fileRef = DE645A1D2D6C9E58007F8595 /* FoodScreen.swift */; };
		DE645A202D6C9E6F007F8595 /* FavoriteScreen.swift in Sources */ = {isa = PBXBuildFile; fileRef = DE645A1F2D6C9E6F007F8595 /* FavoriteScreen.swift */; };
		DE645A6C2D6EC044007F8595 /* FoodEntity.swift in Sources */ = {isa = PBXBuildFile; fileRef = DE645A6B2D6EC039007F8595 /* FoodEntity.swift */; };
		DE645A702D6F58FA007F8595 /* FoodPageEntity.swift in Sources */ = {isa = PBXBuildFile; fileRef = DE645A6F2D6F58EE007F8595 /* FoodPageEntity.swift */; };
		DE645A722D6FEC2C007F8595 /* APIClientManager.swift in Sources */ = {isa = PBXBuildFile; fileRef = DE645A712D6FEC2C007F8595 /* APIClientManager.swift */; };
		DE645A742D759594007F8595 /* PickupEntity.swift in Sources */ = {isa = PBXBuildFile; fileRef = DE645A732D759584007F8595 /* PickupEntity.swift */; };
		DE645A772D75970A007F8595 /* PickupScreen.swift in Sources */ = {isa = PBXBuildFile; fileRef = DE645A762D75970A007F8595 /* PickupScreen.swift */; };
		DE645A792D7D0CEB007F8595 /* FoodDataStoreManager.swift in Sources */ = {isa = PBXBuildFile; fileRef = DE645A782D7D0CEB007F8595 /* FoodDataStoreManager.swift */; };
		DE645A7B2D7D0D33007F8595 /* FoodDataSource.swift in Sources */ = {isa = PBXBuildFile; fileRef = DE645A7A2D7D0D25007F8595 /* FoodDataSource.swift */; };
		DE645A7E2D7D52C4007F8595 /* FavoriteRepository.swift in Sources */ = {isa = PBXBuildFile; fileRef = DE645A7D2D7D52B0007F8595 /* FavoriteRepository.swift */; };
		DE645A812D7FC62C007F8595 /* PickupRepository.swift in Sources */ = {isa = PBXBuildFile; fileRef = DE645A802D7FC61F007F8595 /* PickupRepository.swift */; };
		DEE49CF82D81C33F00CC22A8 /* FoodRepository.swift in Sources */ = {isa = PBXBuildFile; fileRef = DEE49CF72D81C33500CC22A8 /* FoodRepository.swift */; };
		DEE49CFA2D81C4B100CC22A8 /* FoodViewStateProvider.swift in Sources */ = {isa = PBXBuildFile; fileRef = DEE49CF92D81C4A600CC22A8 /* FoodViewStateProvider.swift */; };
		DEE49D1F2D87868E00CC22A8 /* FoodViewObject.swift in Sources */ = {isa = PBXBuildFile; fileRef = DEE49D1E2D87868200CC22A8 /* FoodViewObject.swift */; };
		DEE49D232D881E7D00CC22A8 /* FoodRowView.swift in Sources */ = {isa = PBXBuildFile; fileRef = DEE49D222D881E7D00CC22A8 /* FoodRowView.swift */; };
		DEE49D272D88220B00CC22A8 /* ScalingHeaderScrollView in Frameworks */ = {isa = PBXBuildFile; productRef = DEE49D262D88220B00CC22A8 /* ScalingHeaderScrollView */; };
		DEE49D2D2D883C9A00CC22A8 /* NukeUI in Frameworks */ = {isa = PBXBuildFile; productRef = DEE49D2C2D883C9A00CC22A8 /* NukeUI */; };
		DEE49D2F2D895C6900CC22A8 /* DateLabelFormatter.swift in Sources */ = {isa = PBXBuildFile; fileRef = DEE49D2E2D895C6200CC22A8 /* DateLabelFormatter.swift */; };
		DEE9049E2D8AF806004B906D /* FavoriteViewStateProvider.swift in Sources */ = {isa = PBXBuildFile; fileRef = DEE9049D2D8AF7F2004B906D /* FavoriteViewStateProvider.swift */; };
		DEE904A42D8B81C6004B906D /* FavoriteRowView.swift in Sources */ = {isa = PBXBuildFile; fileRef = DEE904A32D8B81C6004B906D /* FavoriteRowView.swift */; };
/* End PBXBuildFile section */

/* Begin PBXFileReference section */
		DE3BEAA42D8D574A008B49E8 /* ConnectionErrorView.swift */ = {isa = PBXFileReference; lastKnownFileType = sourcecode.swift; path = ConnectionErrorView.swift; sourceTree = "<group>"; };
		DE3BEAAA2D8D5E77008B49E8 /* RatingViewRepresentable.swift */ = {isa = PBXFileReference; lastKnownFileType = sourcecode.swift; path = RatingViewRepresentable.swift; sourceTree = "<group>"; };
		DE3BEAAC2D8D5EBD008B49E8 /* StarRatingView.swift */ = {isa = PBXFileReference; lastKnownFileType = sourcecode.swift; path = StarRatingView.swift; sourceTree = "<group>"; };
		DE3BEAB02D8D5FEA008B49E8 /* LoadingIndicatorViewRepresentable.swift */ = {isa = PBXFileReference; lastKnownFileType = sourcecode.swift; path = LoadingIndicatorViewRepresentable.swift; sourceTree = "<group>"; };
		DE3BEAB42D8D618E008B49E8 /* ExecutingConnectionView.swift */ = {isa = PBXFileReference; lastKnownFileType = sourcecode.swift; path = ExecutingConnectionView.swift; sourceTree = "<group>"; };
		DE576C912C931FA400249532 /* SimpleMediaReaderExample.app */ = {isa = PBXFileReference; explicitFileType = wrapper.application; includeInIndex = 0; path = SimpleMediaReaderExample.app; sourceTree = BUILT_PRODUCTS_DIR; };
		DE576C942C931FA400249532 /* SimpleMediaReaderExampleApp.swift */ = {isa = PBXFileReference; lastKnownFileType = sourcecode.swift; path = SimpleMediaReaderExampleApp.swift; sourceTree = "<group>"; };
		DE576C962C931FA400249532 /* ContentView.swift */ = {isa = PBXFileReference; lastKnownFileType = sourcecode.swift; path = ContentView.swift; sourceTree = "<group>"; };
		DE576C982C931FA600249532 /* Assets.xcassets */ = {isa = PBXFileReference; lastKnownFileType = folder.assetcatalog; path = Assets.xcassets; sourceTree = "<group>"; };
		DE576C9B2C931FA600249532 /* Preview Assets.xcassets */ = {isa = PBXFileReference; lastKnownFileType = folder.assetcatalog; path = "Preview Assets.xcassets"; sourceTree = "<group>"; };
		DE645A082D6C09E1007F8595 /* AppDelegate.swift */ = {isa = PBXFileReference; lastKnownFileType = sourcecode.swift; path = AppDelegate.swift; sourceTree = "<group>"; };
		DE645A112D6C9D42007F8595 /* UIColorExtension.swift */ = {isa = PBXFileReference; lastKnownFileType = sourcecode.swift; path = UIColorExtension.swift; sourceTree = "<group>"; };
		DE645A152D6C9D73007F8595 /* ColorExtension.swift */ = {isa = PBXFileReference; lastKnownFileType = sourcecode.swift; path = ColorExtension.swift; sourceTree = "<group>"; };
		DE645A172D6C9D94007F8595 /* FirstAppearExtension.swift */ = {isa = PBXFileReference; lastKnownFileType = sourcecode.swift; path = FirstAppearExtension.swift; sourceTree = "<group>"; };
		DE645A1D2D6C9E58007F8595 /* FoodScreen.swift */ = {isa = PBXFileReference; lastKnownFileType = sourcecode.swift; path = FoodScreen.swift; sourceTree = "<group>"; };
		DE645A1F2D6C9E6F007F8595 /* FavoriteScreen.swift */ = {isa = PBXFileReference; lastKnownFileType = sourcecode.swift; path = FavoriteScreen.swift; sourceTree = "<group>"; };
		DE645A6B2D6EC039007F8595 /* FoodEntity.swift */ = {isa = PBXFileReference; lastKnownFileType = sourcecode.swift; path = FoodEntity.swift; sourceTree = "<group>"; };
		DE645A6F2D6F58EE007F8595 /* FoodPageEntity.swift */ = {isa = PBXFileReference; lastKnownFileType = sourcecode.swift; path = FoodPageEntity.swift; sourceTree = "<group>"; };
		DE645A712D6FEC2C007F8595 /* APIClientManager.swift */ = {isa = PBXFileReference; lastKnownFileType = sourcecode.swift; path = APIClientManager.swift; sourceTree = "<group>"; };
		DE645A732D759584007F8595 /* PickupEntity.swift */ = {isa = PBXFileReference; lastKnownFileType = sourcecode.swift; path = PickupEntity.swift; sourceTree = "<group>"; };
		DE645A762D75970A007F8595 /* PickupScreen.swift */ = {isa = PBXFileReference; lastKnownFileType = sourcecode.swift; path = PickupScreen.swift; sourceTree = "<group>"; };
		DE645A782D7D0CEB007F8595 /* FoodDataStoreManager.swift */ = {isa = PBXFileReference; lastKnownFileType = sourcecode.swift; path = FoodDataStoreManager.swift; sourceTree = "<group>"; };
		DE645A7A2D7D0D25007F8595 /* FoodDataSource.swift */ = {isa = PBXFileReference; lastKnownFileType = sourcecode.swift; path = FoodDataSource.swift; sourceTree = "<group>"; };
		DE645A7D2D7D52B0007F8595 /* FavoriteRepository.swift */ = {isa = PBXFileReference; lastKnownFileType = sourcecode.swift; path = FavoriteRepository.swift; sourceTree = "<group>"; };
		DE645A802D7FC61F007F8595 /* PickupRepository.swift */ = {isa = PBXFileReference; lastKnownFileType = sourcecode.swift; path = PickupRepository.swift; sourceTree = "<group>"; };
		DEE49CF72D81C33500CC22A8 /* FoodRepository.swift */ = {isa = PBXFileReference; lastKnownFileType = sourcecode.swift; path = FoodRepository.swift; sourceTree = "<group>"; };
		DEE49CF92D81C4A600CC22A8 /* FoodViewStateProvider.swift */ = {isa = PBXFileReference; lastKnownFileType = sourcecode.swift; path = FoodViewStateProvider.swift; sourceTree = "<group>"; };
		DEE49D1E2D87868200CC22A8 /* FoodViewObject.swift */ = {isa = PBXFileReference; lastKnownFileType = sourcecode.swift; path = FoodViewObject.swift; sourceTree = "<group>"; };
		DEE49D222D881E7D00CC22A8 /* FoodRowView.swift */ = {isa = PBXFileReference; lastKnownFileType = sourcecode.swift; path = FoodRowView.swift; sourceTree = "<group>"; };
		DEE49D2E2D895C6200CC22A8 /* DateLabelFormatter.swift */ = {isa = PBXFileReference; lastKnownFileType = sourcecode.swift; path = DateLabelFormatter.swift; sourceTree = "<group>"; };
		DEE9049D2D8AF7F2004B906D /* FavoriteViewStateProvider.swift */ = {isa = PBXFileReference; lastKnownFileType = sourcecode.swift; path = FavoriteViewStateProvider.swift; sourceTree = "<group>"; };
		DEE904A32D8B81C6004B906D /* FavoriteRowView.swift */ = {isa = PBXFileReference; lastKnownFileType = sourcecode.swift; path = FavoriteRowView.swift; sourceTree = "<group>"; };
/* End PBXFileReference section */

/* Begin PBXFrameworksBuildPhase section */
		DE576C8E2C931FA400249532 /* Frameworks */ = {
			isa = PBXFrameworksBuildPhase;
			buildActionMask = 2147483647;
			files = (
				DE3BEAA92D8D5DBE008B49E8 /* Cosmos in Frameworks */,
				DEE49D272D88220B00CC22A8 /* ScalingHeaderScrollView in Frameworks */,
				DEE49D2D2D883C9A00CC22A8 /* NukeUI in Frameworks */,
			);
			runOnlyForDeploymentPostprocessing = 0;
		};
/* End PBXFrameworksBuildPhase section */

/* Begin PBXGroup section */
		DE3BEAA32D8D570B008B49E8 /* Common */ = {
			isa = PBXGroup;
			children = (
				DE3BEAA62D8D5BDA008B49E8 /* UIViewRepresentable */,
				DE3BEAA42D8D574A008B49E8 /* ConnectionErrorView.swift */,
				DE3BEAAC2D8D5EBD008B49E8 /* StarRatingView.swift */,
				DE3BEAB42D8D618E008B49E8 /* ExecutingConnectionView.swift */,
			);
			path = Common;
			sourceTree = "<group>";
		};
		DE3BEAA62D8D5BDA008B49E8 /* UIViewRepresentable */ = {
			isa = PBXGroup;
			children = (
				DE3BEAAA2D8D5E77008B49E8 /* RatingViewRepresentable.swift */,
				DE3BEAB02D8D5FEA008B49E8 /* LoadingIndicatorViewRepresentable.swift */,
			);
			path = UIViewRepresentable;
			sourceTree = "<group>";
		};
		DE576C882C931FA400249532 = {
			isa = PBXGroup;
			children = (
				DE576C932C931FA400249532 /* SimpleMediaReaderExample */,
				DEE49D282D883C5F00CC22A8 /* Frameworks */,
				DE576C922C931FA400249532 /* Products */,
			);
			sourceTree = "<group>";
		};
		DE576C922C931FA400249532 /* Products */ = {
			isa = PBXGroup;
			children = (
				DE576C912C931FA400249532 /* SimpleMediaReaderExample.app */,
			);
			name = Products;
			sourceTree = "<group>";
		};
		DE576C932C931FA400249532 /* SimpleMediaReaderExample */ = {
			isa = PBXGroup;
			children = (
				DE576C942C931FA400249532 /* SimpleMediaReaderExampleApp.swift */,
				DE645A082D6C09E1007F8595 /* AppDelegate.swift */,
				DE645A072D6C099D007F8595 /* Application */,
				DE576C982C931FA600249532 /* Assets.xcassets */,
				DE576C9A2C931FA600249532 /* Preview Content */,
			);
			path = SimpleMediaReaderExample;
			sourceTree = "<group>";
		};
		DE576C9A2C931FA600249532 /* Preview Content */ = {
			isa = PBXGroup;
			children = (
				DE576C9B2C931FA600249532 /* Preview Assets.xcassets */,
			);
			path = "Preview Content";
			sourceTree = "<group>";
		};
		DE645A072D6C099D007F8595 /* Application */ = {
			isa = PBXGroup;
			children = (
				DE576C962C931FA400249532 /* ContentView.swift */,
				DE645A0C2D6C0A03007F8595 /* Entity */,
				DE645A0A2D6C09EC007F8595 /* Extension */,
				DE645A0B2D6C09F9007F8595 /* Infrastructure */,
				DE645A7C2D7D2817007F8595 /* Repository */,
				DE645A0F2D6C0A2D007F8595 /* Screen */,
				DE645A6D2D6EF4CB007F8595 /* StoredModel */,
				DE645A102D6C0A38007F8595 /* ViewObject */,
				DE645A0E2D6C0A18007F8595 /* ViewStateProvider */,
			);
			path = Application;
			sourceTree = "<group>";
		};
		DE645A0A2D6C09EC007F8595 /* Extension */ = {
			isa = PBXGroup;
			children = (
				DEE49D2E2D895C6200CC22A8 /* DateLabelFormatter.swift */,
				DE645A152D6C9D73007F8595 /* ColorExtension.swift */,
				DE645A172D6C9D94007F8595 /* FirstAppearExtension.swift */,
				DE645A112D6C9D42007F8595 /* UIColorExtension.swift */,
			);
			path = Extension;
			sourceTree = "<group>";
		};
		DE645A0B2D6C09F9007F8595 /* Infrastructure */ = {
			isa = PBXGroup;
			children = (
				DE645A712D6FEC2C007F8595 /* APIClientManager.swift */,
				DE645A782D7D0CEB007F8595 /* FoodDataStoreManager.swift */,
			);
			path = Infrastructure;
			sourceTree = "<group>";
		};
		DE645A0C2D6C0A03007F8595 /* Entity */ = {
			isa = PBXGroup;
			children = (
				DE645A6F2D6F58EE007F8595 /* FoodPageEntity.swift */,
				DE645A6B2D6EC039007F8595 /* FoodEntity.swift */,
				DE645A732D759584007F8595 /* PickupEntity.swift */,
			);
			path = Entity;
			sourceTree = "<group>";
		};
		DE645A0E2D6C0A18007F8595 /* ViewStateProvider */ = {
			isa = PBXGroup;
			children = (
				DEE49CF92D81C4A600CC22A8 /* FoodViewStateProvider.swift */,
				DEE9049D2D8AF7F2004B906D /* FavoriteViewStateProvider.swift */,
			);
			path = ViewStateProvider;
			sourceTree = "<group>";
		};
		DE645A0F2D6C0A2D007F8595 /* Screen */ = {
			isa = PBXGroup;
			children = (
				DE3BEAA32D8D570B008B49E8 /* Common */,
				DE645A1A2D6C9E20007F8595 /* Food */,
				DE645A752D7595FB007F8595 /* Pickup */,
				DE645A192D6C9E07007F8595 /* Favorite */,
			);
			path = Screen;
			sourceTree = "<group>";
		};
		DE645A102D6C0A38007F8595 /* ViewObject */ = {
			isa = PBXGroup;
			children = (
				DEE49D1E2D87868200CC22A8 /* FoodViewObject.swift */,
			);
			path = ViewObject;
			sourceTree = "<group>";
		};
		DE645A192D6C9E07007F8595 /* Favorite */ = {
			isa = PBXGroup;
			children = (
				DE645A1F2D6C9E6F007F8595 /* FavoriteScreen.swift */,
				DEE904A32D8B81C6004B906D /* FavoriteRowView.swift */,
			);
			path = Favorite;
			sourceTree = "<group>";
		};
		DE645A1A2D6C9E20007F8595 /* Food */ = {
			isa = PBXGroup;
			children = (
				DE645A1D2D6C9E58007F8595 /* FoodScreen.swift */,
				DEE49D222D881E7D00CC22A8 /* FoodRowView.swift */,
			);
			path = Food;
			sourceTree = "<group>";
		};
		DE645A6D2D6EF4CB007F8595 /* StoredModel */ = {
			isa = PBXGroup;
			children = (
				DE645A7A2D7D0D25007F8595 /* FoodDataSource.swift */,
			);
			path = StoredModel;
			sourceTree = "<group>";
		};
		DE645A752D7595FB007F8595 /* Pickup */ = {
			isa = PBXGroup;
			children = (
				DE645A762D75970A007F8595 /* PickupScreen.swift */,
			);
			path = Pickup;
			sourceTree = "<group>";
		};
		DE645A7C2D7D2817007F8595 /* Repository */ = {
			isa = PBXGroup;
			children = (
				DEE49CF72D81C33500CC22A8 /* FoodRepository.swift */,
				DE645A802D7FC61F007F8595 /* PickupRepository.swift */,
				DE645A7D2D7D52B0007F8595 /* FavoriteRepository.swift */,
			);
			path = Repository;
			sourceTree = "<group>";
		};
		DEE49D282D883C5F00CC22A8 /* Frameworks */ = {
			isa = PBXGroup;
			children = (
			);
			name = Frameworks;
			sourceTree = "<group>";
		};
/* End PBXGroup section */

/* Begin PBXNativeTarget section */
		DE576C902C931FA400249532 /* SimpleMediaReaderExample */ = {
			isa = PBXNativeTarget;
			buildConfigurationList = DE576C9F2C931FA600249532 /* Build configuration list for PBXNativeTarget "SimpleMediaReaderExample" */;
			buildPhases = (
				DE576C8D2C931FA400249532 /* Sources */,
				DE576C8E2C931FA400249532 /* Frameworks */,
				DE576C8F2C931FA400249532 /* Resources */,
			);
			buildRules = (
			);
			dependencies = (
			);
			name = SimpleMediaReaderExample;
			productName = SimpleMediaReaderExample;
			productReference = DE576C912C931FA400249532 /* SimpleMediaReaderExample.app */;
			productType = "com.apple.product-type.application";
		};
/* End PBXNativeTarget section */

/* Begin PBXProject section */
		DE576C892C931FA400249532 /* Project object */ = {
			isa = PBXProject;
			attributes = {
				BuildIndependentTargetsInParallel = 1;
				LastSwiftUpdateCheck = 1540;
				LastUpgradeCheck = 1540;
				TargetAttributes = {
					DE576C902C931FA400249532 = {
						CreatedOnToolsVersion = 15.4;
					};
				};
			};
			buildConfigurationList = DE576C8C2C931FA400249532 /* Build configuration list for PBXProject "SimpleMediaReaderExample" */;
			compatibilityVersion = "Xcode 14.0";
			developmentRegion = en;
			hasScannedForEncodings = 0;
			knownRegions = (
				en,
				Base,
			);
			mainGroup = DE576C882C931FA400249532;
			packageReferences = (
				DEE49D252D88220B00CC22A8 /* XCRemoteSwiftPackageReference "ScalingHeaderScrollView" */,
				DEE49D2B2D883C9500CC22A8 /* XCRemoteSwiftPackageReference "Nuke" */,
				DE3BEAA72D8D5DBE008B49E8 /* XCRemoteSwiftPackageReference "Cosmos" */,
			);
			productRefGroup = DE576C922C931FA400249532 /* Products */;
			projectDirPath = "";
			projectRoot = "";
			targets = (
				DE576C902C931FA400249532 /* SimpleMediaReaderExample */,
			);
		};
/* End PBXProject section */

/* Begin PBXResourcesBuildPhase section */
		DE576C8F2C931FA400249532 /* Resources */ = {
			isa = PBXResourcesBuildPhase;
			buildActionMask = 2147483647;
			files = (
				DE576C9C2C931FA600249532 /* Preview Assets.xcassets in Resources */,
				DE576C992C931FA600249532 /* Assets.xcassets in Resources */,
			);
			runOnlyForDeploymentPostprocessing = 0;
		};
/* End PBXResourcesBuildPhase section */

/* Begin PBXSourcesBuildPhase section */
		DE576C8D2C931FA400249532 /* Sources */ = {
			isa = PBXSourcesBuildPhase;
			buildActionMask = 2147483647;
			files = (
				DE645A092D6C09E1007F8595 /* AppDelegate.swift in Sources */,
				DE645A182D6C9D94007F8595 /* FirstAppearExtension.swift in Sources */,
				DE576C972C931FA400249532 /* ContentView.swift in Sources */,
				DEE904A42D8B81C6004B906D /* FavoriteRowView.swift in Sources */,
				DE3BEAB12D8D5FEA008B49E8 /* LoadingIndicatorViewRepresentable.swift in Sources */,
				DE645A7E2D7D52C4007F8595 /* FavoriteRepository.swift in Sources */,
				DE645A792D7D0CEB007F8595 /* FoodDataStoreManager.swift in Sources */,
				DE3BEAA52D8D574A008B49E8 /* ConnectionErrorView.swift in Sources */,
				DE645A1E2D6C9E58007F8595 /* FoodScreen.swift in Sources */,
				DE576C952C931FA400249532 /* SimpleMediaReaderExampleApp.swift in Sources */,
				DE645A6C2D6EC044007F8595 /* FoodEntity.swift in Sources */,
				DEE9049E2D8AF806004B906D /* FavoriteViewStateProvider.swift in Sources */,
				DE3BEAB52D8D618E008B49E8 /* ExecutingConnectionView.swift in Sources */,
				DE645A742D759594007F8595 /* PickupEntity.swift in Sources */,
				DEE49D1F2D87868E00CC22A8 /* FoodViewObject.swift in Sources */,
				DEE49CF82D81C33F00CC22A8 /* FoodRepository.swift in Sources */,
				DE3BEAAB2D8D5E77008B49E8 /* RatingViewRepresentable.swift in Sources */,
				DEE49D232D881E7D00CC22A8 /* FoodRowView.swift in Sources */,
				DE645A7B2D7D0D33007F8595 /* FoodDataSource.swift in Sources */,
				DEE49D2F2D895C6900CC22A8 /* DateLabelFormatter.swift in Sources */,
				DE645A722D6FEC2C007F8595 /* APIClientManager.swift in Sources */,
				DE645A702D6F58FA007F8595 /* FoodPageEntity.swift in Sources */,
				DE645A772D75970A007F8595 /* PickupScreen.swift in Sources */,
				DE645A122D6C9D42007F8595 /* UIColorExtension.swift in Sources */,
				DE645A812D7FC62C007F8595 /* PickupRepository.swift in Sources */,
				DEE49CFA2D81C4B100CC22A8 /* FoodViewStateProvider.swift in Sources */,
				DE645A162D6C9D73007F8595 /* ColorExtension.swift in Sources */,
				DE645A202D6C9E6F007F8595 /* FavoriteScreen.swift in Sources */,
				DE3BEAAD2D8D5EBD008B49E8 /* StarRatingView.swift in Sources */,
			);
			runOnlyForDeploymentPostprocessing = 0;
		};
/* End PBXSourcesBuildPhase section */

/* Begin XCBuildConfiguration section */
		DE576C9D2C931FA600249532 /* Debug */ = {
			isa = XCBuildConfiguration;
			buildSettings = {
				ALWAYS_SEARCH_USER_PATHS = NO;
				ASSETCATALOG_COMPILER_GENERATE_SWIFT_ASSET_SYMBOL_EXTENSIONS = YES;
				CLANG_ANALYZER_NONNULL = YES;
				CLANG_ANALYZER_NUMBER_OBJECT_CONVERSION = YES_AGGRESSIVE;
				CLANG_CXX_LANGUAGE_STANDARD = "gnu++20";
				CLANG_ENABLE_MODULES = YES;
				CLANG_ENABLE_OBJC_ARC = YES;
				CLANG_ENABLE_OBJC_WEAK = YES;
				CLANG_WARN_BLOCK_CAPTURE_AUTORELEASING = YES;
				CLANG_WARN_BOOL_CONVERSION = YES;
				CLANG_WARN_COMMA = YES;
				CLANG_WARN_CONSTANT_CONVERSION = YES;
				CLANG_WARN_DEPRECATED_OBJC_IMPLEMENTATIONS = YES;
				CLANG_WARN_DIRECT_OBJC_ISA_USAGE = YES_ERROR;
				CLANG_WARN_DOCUMENTATION_COMMENTS = YES;
				CLANG_WARN_EMPTY_BODY = YES;
				CLANG_WARN_ENUM_CONVERSION = YES;
				CLANG_WARN_INFINITE_RECURSION = YES;
				CLANG_WARN_INT_CONVERSION = YES;
				CLANG_WARN_NON_LITERAL_NULL_CONVERSION = YES;
				CLANG_WARN_OBJC_IMPLICIT_RETAIN_SELF = YES;
				CLANG_WARN_OBJC_LITERAL_CONVERSION = YES;
				CLANG_WARN_OBJC_ROOT_CLASS = YES_ERROR;
				CLANG_WARN_QUOTED_INCLUDE_IN_FRAMEWORK_HEADER = YES;
				CLANG_WARN_RANGE_LOOP_ANALYSIS = YES;
				CLANG_WARN_STRICT_PROTOTYPES = YES;
				CLANG_WARN_SUSPICIOUS_MOVE = YES;
				CLANG_WARN_UNGUARDED_AVAILABILITY = YES_AGGRESSIVE;
				CLANG_WARN_UNREACHABLE_CODE = YES;
				CLANG_WARN__DUPLICATE_METHOD_MATCH = YES;
				COPY_PHASE_STRIP = NO;
				DEBUG_INFORMATION_FORMAT = dwarf;
				ENABLE_STRICT_OBJC_MSGSEND = YES;
				ENABLE_TESTABILITY = YES;
				ENABLE_USER_SCRIPT_SANDBOXING = YES;
				GCC_C_LANGUAGE_STANDARD = gnu17;
				GCC_DYNAMIC_NO_PIC = NO;
				GCC_NO_COMMON_BLOCKS = YES;
				GCC_OPTIMIZATION_LEVEL = 0;
				GCC_PREPROCESSOR_DEFINITIONS = (
					"DEBUG=1",
					"$(inherited)",
				);
				GCC_WARN_64_TO_32_BIT_CONVERSION = YES;
				GCC_WARN_ABOUT_RETURN_TYPE = YES_ERROR;
				GCC_WARN_UNDECLARED_SELECTOR = YES;
				GCC_WARN_UNINITIALIZED_AUTOS = YES_AGGRESSIVE;
				GCC_WARN_UNUSED_FUNCTION = YES;
				GCC_WARN_UNUSED_VARIABLE = YES;
				IPHONEOS_DEPLOYMENT_TARGET = 17.5;
				LOCALIZATION_PREFERS_STRING_CATALOGS = YES;
				MTL_ENABLE_DEBUG_INFO = INCLUDE_SOURCE;
				MTL_FAST_MATH = YES;
				ONLY_ACTIVE_ARCH = YES;
				SDKROOT = iphoneos;
				SWIFT_ACTIVE_COMPILATION_CONDITIONS = "DEBUG $(inherited)";
				SWIFT_OPTIMIZATION_LEVEL = "-Onone";
			};
			name = Debug;
		};
		DE576C9E2C931FA600249532 /* Release */ = {
			isa = XCBuildConfiguration;
			buildSettings = {
				ALWAYS_SEARCH_USER_PATHS = NO;
				ASSETCATALOG_COMPILER_GENERATE_SWIFT_ASSET_SYMBOL_EXTENSIONS = YES;
				CLANG_ANALYZER_NONNULL = YES;
				CLANG_ANALYZER_NUMBER_OBJECT_CONVERSION = YES_AGGRESSIVE;
				CLANG_CXX_LANGUAGE_STANDARD = "gnu++20";
				CLANG_ENABLE_MODULES = YES;
				CLANG_ENABLE_OBJC_ARC = YES;
				CLANG_ENABLE_OBJC_WEAK = YES;
				CLANG_WARN_BLOCK_CAPTURE_AUTORELEASING = YES;
				CLANG_WARN_BOOL_CONVERSION = YES;
				CLANG_WARN_COMMA = YES;
				CLANG_WARN_CONSTANT_CONVERSION = YES;
				CLANG_WARN_DEPRECATED_OBJC_IMPLEMENTATIONS = YES;
				CLANG_WARN_DIRECT_OBJC_ISA_USAGE = YES_ERROR;
				CLANG_WARN_DOCUMENTATION_COMMENTS = YES;
				CLANG_WARN_EMPTY_BODY = YES;
				CLANG_WARN_ENUM_CONVERSION = YES;
				CLANG_WARN_INFINITE_RECURSION = YES;
				CLANG_WARN_INT_CONVERSION = YES;
				CLANG_WARN_NON_LITERAL_NULL_CONVERSION = YES;
				CLANG_WARN_OBJC_IMPLICIT_RETAIN_SELF = YES;
				CLANG_WARN_OBJC_LITERAL_CONVERSION = YES;
				CLANG_WARN_OBJC_ROOT_CLASS = YES_ERROR;
				CLANG_WARN_QUOTED_INCLUDE_IN_FRAMEWORK_HEADER = YES;
				CLANG_WARN_RANGE_LOOP_ANALYSIS = YES;
				CLANG_WARN_STRICT_PROTOTYPES = YES;
				CLANG_WARN_SUSPICIOUS_MOVE = YES;
				CLANG_WARN_UNGUARDED_AVAILABILITY = YES_AGGRESSIVE;
				CLANG_WARN_UNREACHABLE_CODE = YES;
				CLANG_WARN__DUPLICATE_METHOD_MATCH = YES;
				COPY_PHASE_STRIP = NO;
				DEBUG_INFORMATION_FORMAT = "dwarf-with-dsym";
				ENABLE_NS_ASSERTIONS = NO;
				ENABLE_STRICT_OBJC_MSGSEND = YES;
				ENABLE_USER_SCRIPT_SANDBOXING = YES;
				GCC_C_LANGUAGE_STANDARD = gnu17;
				GCC_NO_COMMON_BLOCKS = YES;
				GCC_WARN_64_TO_32_BIT_CONVERSION = YES;
				GCC_WARN_ABOUT_RETURN_TYPE = YES_ERROR;
				GCC_WARN_UNDECLARED_SELECTOR = YES;
				GCC_WARN_UNINITIALIZED_AUTOS = YES_AGGRESSIVE;
				GCC_WARN_UNUSED_FUNCTION = YES;
				GCC_WARN_UNUSED_VARIABLE = YES;
				IPHONEOS_DEPLOYMENT_TARGET = 17.5;
				LOCALIZATION_PREFERS_STRING_CATALOGS = YES;
				MTL_ENABLE_DEBUG_INFO = NO;
				MTL_FAST_MATH = YES;
				SDKROOT = iphoneos;
				SWIFT_COMPILATION_MODE = wholemodule;
				VALIDATE_PRODUCT = YES;
			};
			name = Release;
		};
		DE576CA02C931FA600249532 /* Debug */ = {
			isa = XCBuildConfiguration;
			buildSettings = {
				ASSETCATALOG_COMPILER_APPICON_NAME = AppIcon;
				ASSETCATALOG_COMPILER_GLOBAL_ACCENT_COLOR_NAME = AccentColor;
				CODE_SIGN_STYLE = Automatic;
				CURRENT_PROJECT_VERSION = 1;
				DEVELOPMENT_ASSET_PATHS = "\"SimpleMediaReaderExample/Preview Content\"";
				DEVELOPMENT_TEAM = S5BF5553KY;
				ENABLE_PREVIEWS = YES;
				GENERATE_INFOPLIST_FILE = YES;
				INFOPLIST_KEY_UIApplicationSceneManifest_Generation = YES;
				INFOPLIST_KEY_UIApplicationSupportsIndirectInputEvents = YES;
				INFOPLIST_KEY_UILaunchScreen_Generation = YES;
				INFOPLIST_KEY_UISupportedInterfaceOrientations = UIInterfaceOrientationPortrait;
				LD_RUNPATH_SEARCH_PATHS = (
					"$(inherited)",
					"@executable_path/Frameworks",
				);
				MARKETING_VERSION = 1.0;
				PRODUCT_BUNDLE_IDENTIFIER = net.just1factory.SimpleMediaReaderExample;
				PRODUCT_NAME = "$(TARGET_NAME)";
				SWIFT_EMIT_LOC_STRINGS = YES;
				SWIFT_STRICT_CONCURRENCY = complete;
				SWIFT_VERSION = 6.0;
				TARGETED_DEVICE_FAMILY = "1,2";
			};
			name = Debug;
		};
		DE576CA12C931FA600249532 /* Release */ = {
			isa = XCBuildConfiguration;
			buildSettings = {
				ASSETCATALOG_COMPILER_APPICON_NAME = AppIcon;
				ASSETCATALOG_COMPILER_GLOBAL_ACCENT_COLOR_NAME = AccentColor;
				CODE_SIGN_STYLE = Automatic;
				CURRENT_PROJECT_VERSION = 1;
				DEVELOPMENT_ASSET_PATHS = "\"SimpleMediaReaderExample/Preview Content\"";
				DEVELOPMENT_TEAM = S5BF5553KY;
				ENABLE_PREVIEWS = YES;
				GENERATE_INFOPLIST_FILE = YES;
				INFOPLIST_KEY_UIApplicationSceneManifest_Generation = YES;
				INFOPLIST_KEY_UIApplicationSupportsIndirectInputEvents = YES;
				INFOPLIST_KEY_UILaunchScreen_Generation = YES;
				INFOPLIST_KEY_UISupportedInterfaceOrientations = UIInterfaceOrientationPortrait;
				LD_RUNPATH_SEARCH_PATHS = (
					"$(inherited)",
					"@executable_path/Frameworks",
				);
				MARKETING_VERSION = 1.0;
				PRODUCT_BUNDLE_IDENTIFIER = net.just1factory.SimpleMediaReaderExample;
				PRODUCT_NAME = "$(TARGET_NAME)";
				SWIFT_EMIT_LOC_STRINGS = YES;
				SWIFT_STRICT_CONCURRENCY = complete;
				SWIFT_VERSION = 6.0;
				TARGETED_DEVICE_FAMILY = "1,2";
			};
			name = Release;
		};
/* End XCBuildConfiguration section */

/* Begin XCConfigurationList section */
		DE576C8C2C931FA400249532 /* Build configuration list for PBXProject "SimpleMediaReaderExample" */ = {
			isa = XCConfigurationList;
			buildConfigurations = (
				DE576C9D2C931FA600249532 /* Debug */,
				DE576C9E2C931FA600249532 /* Release */,
			);
			defaultConfigurationIsVisible = 0;
			defaultConfigurationName = Release;
		};
		DE576C9F2C931FA600249532 /* Build configuration list for PBXNativeTarget "SimpleMediaReaderExample" */ = {
			isa = XCConfigurationList;
			buildConfigurations = (
				DE576CA02C931FA600249532 /* Debug */,
				DE576CA12C931FA600249532 /* Release */,
			);
			defaultConfigurationIsVisible = 0;
			defaultConfigurationName = Release;
		};
/* End XCConfigurationList section */

/* Begin XCRemoteSwiftPackageReference section */
		DE3BEAA72D8D5DBE008B49E8 /* XCRemoteSwiftPackageReference "Cosmos" */ = {
			isa = XCRemoteSwiftPackageReference;
			repositoryURL = "https://github.com/evgenyneu/Cosmos.git";
			requirement = {
				kind = upToNextMajorVersion;
				minimumVersion = 25.0.1;
			};
		};
		DEE49D252D88220B00CC22A8 /* XCRemoteSwiftPackageReference "ScalingHeaderScrollView" */ = {
			isa = XCRemoteSwiftPackageReference;
			repositoryURL = "https://github.com/exyte/ScalingHeaderScrollView.git";
			requirement = {
				kind = upToNextMajorVersion;
				minimumVersion = 1.1.5;
			};
		};
		DEE49D2B2D883C9500CC22A8 /* XCRemoteSwiftPackageReference "Nuke" */ = {
			isa = XCRemoteSwiftPackageReference;
			repositoryURL = "https://github.com/kean/Nuke.git";
			requirement = {
				kind = upToNextMajorVersion;
				minimumVersion = 12.8.0;
			};
		};
/* End XCRemoteSwiftPackageReference section */

/* Begin XCSwiftPackageProductDependency section */
		DE3BEAA82D8D5DBE008B49E8 /* Cosmos */ = {
			isa = XCSwiftPackageProductDependency;
			package = DE3BEAA72D8D5DBE008B49E8 /* XCRemoteSwiftPackageReference "Cosmos" */;
			productName = Cosmos;
		};
		DEE49D262D88220B00CC22A8 /* ScalingHeaderScrollView */ = {
			isa = XCSwiftPackageProductDependency;
			package = DEE49D252D88220B00CC22A8 /* XCRemoteSwiftPackageReference "ScalingHeaderScrollView" */;
			productName = ScalingHeaderScrollView;
		};
		DEE49D2C2D883C9A00CC22A8 /* NukeUI */ = {
			isa = XCSwiftPackageProductDependency;
			package = DEE49D2B2D883C9500CC22A8 /* XCRemoteSwiftPackageReference "Nuke" */;
			productName = NukeUI;
		};
/* End XCSwiftPackageProductDependency section */
	};
	rootObject = DE576C892C931FA400249532 /* Project object */;
}
