// !$*UTF8*$!
{
	archiveVersion = 1;
	classes = {
	};
	objectVersion = 55;
	objects = {

/* Begin PBXBuildFile section */
		DE9F05502707F0860035BEFB /* AppDelegate.swift in Sources */ = {isa = PBXBuildFile; fileRef = DE9F054F2707F0860035BEFB /* AppDelegate.swift */; };
		DE9F05522707F0860035BEFB /* SceneDelegate.swift in Sources */ = {isa = PBXBuildFile; fileRef = DE9F05512707F0860035BEFB /* SceneDelegate.swift */; };
		DE9F05542707F0860035BEFB /* ViewController.swift in Sources */ = {isa = PBXBuildFile; fileRef = DE9F05532707F0860035BEFB /* ViewController.swift */; };
		DE9F05572707F0860035BEFB /* Main.storyboard in Resources */ = {isa = PBXBuildFile; fileRef = DE9F05552707F0860035BEFB /* Main.storyboard */; };
		DE9F05592707F0880035BEFB /* Assets.xcassets in Resources */ = {isa = PBXBuildFile; fileRef = DE9F05582707F0880035BEFB /* Assets.xcassets */; };
		DE9F055C2707F0880035BEFB /* LaunchScreen.storyboard in Resources */ = {isa = PBXBuildFile; fileRef = DE9F055A2707F0880035BEFB /* LaunchScreen.storyboard */; };
		DE9F05672707F0880035BEFB /* SimpleMediaReaderExampleUIKitTests.swift in Sources */ = {isa = PBXBuildFile; fileRef = DE9F05662707F0880035BEFB /* SimpleMediaReaderExampleUIKitTests.swift */; };
		DE9F05712707F0880035BEFB /* SimpleMediaReaderExampleUIKitUITests.swift in Sources */ = {isa = PBXBuildFile; fileRef = DE9F05702707F0880035BEFB /* SimpleMediaReaderExampleUIKitUITests.swift */; };
		DE9F05732707F0880035BEFB /* SimpleMediaReaderExampleUIKitUITestsLaunchTests.swift in Sources */ = {isa = PBXBuildFile; fileRef = DE9F05722707F0880035BEFB /* SimpleMediaReaderExampleUIKitUITestsLaunchTests.swift */; };
/* End PBXBuildFile section */

/* Begin PBXContainerItemProxy section */
		DE9F05632707F0880035BEFB /* PBXContainerItemProxy */ = {
			isa = PBXContainerItemProxy;
			containerPortal = DE9F05442707F0860035BEFB /* Project object */;
			proxyType = 1;
			remoteGlobalIDString = DE9F054B2707F0860035BEFB;
			remoteInfo = SimpleMediaReaderExampleUIKit;
		};
		DE9F056D2707F0880035BEFB /* PBXContainerItemProxy */ = {
			isa = PBXContainerItemProxy;
			containerPortal = DE9F05442707F0860035BEFB /* Project object */;
			proxyType = 1;
			remoteGlobalIDString = DE9F054B2707F0860035BEFB;
			remoteInfo = SimpleMediaReaderExampleUIKit;
		};
/* End PBXContainerItemProxy section */

/* Begin PBXFileReference section */
		DE9F054C2707F0860035BEFB /* SimpleMediaReaderExampleUIKit.app */ = {isa = PBXFileReference; explicitFileType = wrapper.application; includeInIndex = 0; path = SimpleMediaReaderExampleUIKit.app; sourceTree = BUILT_PRODUCTS_DIR; };
		DE9F054F2707F0860035BEFB /* AppDelegate.swift */ = {isa = PBXFileReference; lastKnownFileType = sourcecode.swift; path = AppDelegate.swift; sourceTree = "<group>"; };
		DE9F05512707F0860035BEFB /* SceneDelegate.swift */ = {isa = PBXFileReference; lastKnownFileType = sourcecode.swift; path = SceneDelegate.swift; sourceTree = "<group>"; };
		DE9F05532707F0860035BEFB /* ViewController.swift */ = {isa = PBXFileReference; lastKnownFileType = sourcecode.swift; path = ViewController.swift; sourceTree = "<group>"; };
		DE9F05562707F0860035BEFB /* Base */ = {isa = PBXFileReference; lastKnownFileType = file.storyboard; name = Base; path = Base.lproj/Main.storyboard; sourceTree = "<group>"; };
		DE9F05582707F0880035BEFB /* Assets.xcassets */ = {isa = PBXFileReference; lastKnownFileType = folder.assetcatalog; path = Assets.xcassets; sourceTree = "<group>"; };
		DE9F055B2707F0880035BEFB /* Base */ = {isa = PBXFileReference; lastKnownFileType = file.storyboard; name = Base; path = Base.lproj/LaunchScreen.storyboard; sourceTree = "<group>"; };
		DE9F055D2707F0880035BEFB /* Info.plist */ = {isa = PBXFileReference; lastKnownFileType = text.plist.xml; path = Info.plist; sourceTree = "<group>"; };
		DE9F05622707F0880035BEFB /* SimpleMediaReaderExampleUIKitTests.xctest */ = {isa = PBXFileReference; explicitFileType = wrapper.cfbundle; includeInIndex = 0; path = SimpleMediaReaderExampleUIKitTests.xctest; sourceTree = BUILT_PRODUCTS_DIR; };
		DE9F05662707F0880035BEFB /* SimpleMediaReaderExampleUIKitTests.swift */ = {isa = PBXFileReference; lastKnownFileType = sourcecode.swift; path = SimpleMediaReaderExampleUIKitTests.swift; sourceTree = "<group>"; };
		DE9F056C2707F0880035BEFB /* SimpleMediaReaderExampleUIKitUITests.xctest */ = {isa = PBXFileReference; explicitFileType = wrapper.cfbundle; includeInIndex = 0; path = SimpleMediaReaderExampleUIKitUITests.xctest; sourceTree = BUILT_PRODUCTS_DIR; };
		DE9F05702707F0880035BEFB /* SimpleMediaReaderExampleUIKitUITests.swift */ = {isa = PBXFileReference; lastKnownFileType = sourcecode.swift; path = SimpleMediaReaderExampleUIKitUITests.swift; sourceTree = "<group>"; };
		DE9F05722707F0880035BEFB /* SimpleMediaReaderExampleUIKitUITestsLaunchTests.swift */ = {isa = PBXFileReference; lastKnownFileType = sourcecode.swift; path = SimpleMediaReaderExampleUIKitUITestsLaunchTests.swift; sourceTree = "<group>"; };
/* End PBXFileReference section */

/* Begin PBXFrameworksBuildPhase section */
		DE9F05492707F0860035BEFB /* Frameworks */ = {
			isa = PBXFrameworksBuildPhase;
			buildActionMask = 2147483647;
			files = (
			);
			runOnlyForDeploymentPostprocessing = 0;
		};
		DE9F055F2707F0880035BEFB /* Frameworks */ = {
			isa = PBXFrameworksBuildPhase;
			buildActionMask = 2147483647;
			files = (
			);
			runOnlyForDeploymentPostprocessing = 0;
		};
		DE9F05692707F0880035BEFB /* Frameworks */ = {
			isa = PBXFrameworksBuildPhase;
			buildActionMask = 2147483647;
			files = (
			);
			runOnlyForDeploymentPostprocessing = 0;
		};
/* End PBXFrameworksBuildPhase section */

/* Begin PBXGroup section */
		DE9F05432707F0860035BEFB = {
			isa = PBXGroup;
			children = (
				DE9F054E2707F0860035BEFB /* SimpleMediaReaderExampleUIKit */,
				DE9F05652707F0880035BEFB /* SimpleMediaReaderExampleUIKitTests */,
				DE9F056F2707F0880035BEFB /* SimpleMediaReaderExampleUIKitUITests */,
				DE9F054D2707F0860035BEFB /* Products */,
			);
			sourceTree = "<group>";
		};
		DE9F054D2707F0860035BEFB /* Products */ = {
			isa = PBXGroup;
			children = (
				DE9F054C2707F0860035BEFB /* SimpleMediaReaderExampleUIKit.app */,
				DE9F05622707F0880035BEFB /* SimpleMediaReaderExampleUIKitTests.xctest */,
				DE9F056C2707F0880035BEFB /* SimpleMediaReaderExampleUIKitUITests.xctest */,
			);
			name = Products;
			sourceTree = "<group>";
		};
		DE9F054E2707F0860035BEFB /* SimpleMediaReaderExampleUIKit */ = {
			isa = PBXGroup;
			children = (
				DE9F054F2707F0860035BEFB /* AppDelegate.swift */,
				DE9F05512707F0860035BEFB /* SceneDelegate.swift */,
				DE9F05532707F0860035BEFB /* ViewController.swift */,
				DE9F05552707F0860035BEFB /* Main.storyboard */,
				DE9F05582707F0880035BEFB /* Assets.xcassets */,
				DE9F055A2707F0880035BEFB /* LaunchScreen.storyboard */,
				DE9F055D2707F0880035BEFB /* Info.plist */,
			);
			path = SimpleMediaReaderExampleUIKit;
			sourceTree = "<group>";
		};
		DE9F05652707F0880035BEFB /* SimpleMediaReaderExampleUIKitTests */ = {
			isa = PBXGroup;
			children = (
				DE9F05662707F0880035BEFB /* SimpleMediaReaderExampleUIKitTests.swift */,
			);
			path = SimpleMediaReaderExampleUIKitTests;
			sourceTree = "<group>";
		};
		DE9F056F2707F0880035BEFB /* SimpleMediaReaderExampleUIKitUITests */ = {
			isa = PBXGroup;
			children = (
				DE9F05702707F0880035BEFB /* SimpleMediaReaderExampleUIKitUITests.swift */,
				DE9F05722707F0880035BEFB /* SimpleMediaReaderExampleUIKitUITestsLaunchTests.swift */,
			);
			path = SimpleMediaReaderExampleUIKitUITests;
			sourceTree = "<group>";
		};
/* End PBXGroup section */

/* Begin PBXNativeTarget section */
		DE9F054B2707F0860035BEFB /* SimpleMediaReaderExampleUIKit */ = {
			isa = PBXNativeTarget;
			buildConfigurationList = DE9F05762707F0880035BEFB /* Build configuration list for PBXNativeTarget "SimpleMediaReaderExampleUIKit" */;
			buildPhases = (
				DE9F05482707F0860035BEFB /* Sources */,
				DE9F05492707F0860035BEFB /* Frameworks */,
				DE9F054A2707F0860035BEFB /* Resources */,
			);
			buildRules = (
			);
			dependencies = (
			);
			name = SimpleMediaReaderExampleUIKit;
			productName = SimpleMediaReaderExampleUIKit;
			productReference = DE9F054C2707F0860035BEFB /* SimpleMediaReaderExampleUIKit.app */;
			productType = "com.apple.product-type.application";
		};
		DE9F05612707F0880035BEFB /* SimpleMediaReaderExampleUIKitTests */ = {
			isa = PBXNativeTarget;
			buildConfigurationList = DE9F05792707F0880035BEFB /* Build configuration list for PBXNativeTarget "SimpleMediaReaderExampleUIKitTests" */;
			buildPhases = (
				DE9F055E2707F0880035BEFB /* Sources */,
				DE9F055F2707F0880035BEFB /* Frameworks */,
				DE9F05602707F0880035BEFB /* Resources */,
			);
			buildRules = (
			);
			dependencies = (
				DE9F05642707F0880035BEFB /* PBXTargetDependency */,
			);
			name = SimpleMediaReaderExampleUIKitTests;
			productName = SimpleMediaReaderExampleUIKitTests;
			productReference = DE9F05622707F0880035BEFB /* SimpleMediaReaderExampleUIKitTests.xctest */;
			productType = "com.apple.product-type.bundle.unit-test";
		};
		DE9F056B2707F0880035BEFB /* SimpleMediaReaderExampleUIKitUITests */ = {
			isa = PBXNativeTarget;
			buildConfigurationList = DE9F057C2707F0880035BEFB /* Build configuration list for PBXNativeTarget "SimpleMediaReaderExampleUIKitUITests" */;
			buildPhases = (
				DE9F05682707F0880035BEFB /* Sources */,
				DE9F05692707F0880035BEFB /* Frameworks */,
				DE9F056A2707F0880035BEFB /* Resources */,
			);
			buildRules = (
			);
			dependencies = (
				DE9F056E2707F0880035BEFB /* PBXTargetDependency */,
			);
			name = SimpleMediaReaderExampleUIKitUITests;
			productName = SimpleMediaReaderExampleUIKitUITests;
			productReference = DE9F056C2707F0880035BEFB /* SimpleMediaReaderExampleUIKitUITests.xctest */;
			productType = "com.apple.product-type.bundle.ui-testing";
		};
/* End PBXNativeTarget section */

/* Begin PBXProject section */
		DE9F05442707F0860035BEFB /* Project object */ = {
			isa = PBXProject;
			attributes = {
				BuildIndependentTargetsInParallel = 1;
				LastSwiftUpdateCheck = 1300;
				LastUpgradeCheck = 1300;
				TargetAttributes = {
					DE9F054B2707F0860035BEFB = {
						CreatedOnToolsVersion = 13.0;
					};
					DE9F05612707F0880035BEFB = {
						CreatedOnToolsVersion = 13.0;
						TestTargetID = DE9F054B2707F0860035BEFB;
					};
					DE9F056B2707F0880035BEFB = {
						CreatedOnToolsVersion = 13.0;
						TestTargetID = DE9F054B2707F0860035BEFB;
					};
				};
			};
			buildConfigurationList = DE9F05472707F0860035BEFB /* Build configuration list for PBXProject "SimpleMediaReaderExampleUIKit" */;
			compatibilityVersion = "Xcode 13.0";
			developmentRegion = en;
			hasScannedForEncodings = 0;
			knownRegions = (
				en,
				Base,
			);
			mainGroup = DE9F05432707F0860035BEFB;
			productRefGroup = DE9F054D2707F0860035BEFB /* Products */;
			projectDirPath = "";
			projectRoot = "";
			targets = (
				DE9F054B2707F0860035BEFB /* SimpleMediaReaderExampleUIKit */,
				DE9F05612707F0880035BEFB /* SimpleMediaReaderExampleUIKitTests */,
				DE9F056B2707F0880035BEFB /* SimpleMediaReaderExampleUIKitUITests */,
			);
		};
/* End PBXProject section */

/* Begin PBXResourcesBuildPhase section */
		DE9F054A2707F0860035BEFB /* Resources */ = {
			isa = PBXResourcesBuildPhase;
			buildActionMask = 2147483647;
			files = (
				DE9F055C2707F0880035BEFB /* LaunchScreen.storyboard in Resources */,
				DE9F05592707F0880035BEFB /* Assets.xcassets in Resources */,
				DE9F05572707F0860035BEFB /* Main.storyboard in Resources */,
			);
			runOnlyForDeploymentPostprocessing = 0;
		};
		DE9F05602707F0880035BEFB /* Resources */ = {
			isa = PBXResourcesBuildPhase;
			buildActionMask = 2147483647;
			files = (
			);
			runOnlyForDeploymentPostprocessing = 0;
		};
		DE9F056A2707F0880035BEFB /* Resources */ = {
			isa = PBXResourcesBuildPhase;
			buildActionMask = 2147483647;
			files = (
			);
			runOnlyForDeploymentPostprocessing = 0;
		};
/* End PBXResourcesBuildPhase section */

/* Begin PBXSourcesBuildPhase section */
		DE9F05482707F0860035BEFB /* Sources */ = {
			isa = PBXSourcesBuildPhase;
			buildActionMask = 2147483647;
			files = (
				DE9F05542707F0860035BEFB /* ViewController.swift in Sources */,
				DE9F05502707F0860035BEFB /* AppDelegate.swift in Sources */,
				DE9F05522707F0860035BEFB /* SceneDelegate.swift in Sources */,
			);
			runOnlyForDeploymentPostprocessing = 0;
		};
		DE9F055E2707F0880035BEFB /* Sources */ = {
			isa = PBXSourcesBuildPhase;
			buildActionMask = 2147483647;
			files = (
				DE9F05672707F0880035BEFB /* SimpleMediaReaderExampleUIKitTests.swift in Sources */,
			);
			runOnlyForDeploymentPostprocessing = 0;
		};
		DE9F05682707F0880035BEFB /* Sources */ = {
			isa = PBXSourcesBuildPhase;
			buildActionMask = 2147483647;
			files = (
				DE9F05732707F0880035BEFB /* SimpleMediaReaderExampleUIKitUITestsLaunchTests.swift in Sources */,
				DE9F05712707F0880035BEFB /* SimpleMediaReaderExampleUIKitUITests.swift in Sources */,
			);
			runOnlyForDeploymentPostprocessing = 0;
		};
/* End PBXSourcesBuildPhase section */

/* Begin PBXTargetDependency section */
		DE9F05642707F0880035BEFB /* PBXTargetDependency */ = {
			isa = PBXTargetDependency;
			target = DE9F054B2707F0860035BEFB /* SimpleMediaReaderExampleUIKit */;
			targetProxy = DE9F05632707F0880035BEFB /* PBXContainerItemProxy */;
		};
		DE9F056E2707F0880035BEFB /* PBXTargetDependency */ = {
			isa = PBXTargetDependency;
			target = DE9F054B2707F0860035BEFB /* SimpleMediaReaderExampleUIKit */;
			targetProxy = DE9F056D2707F0880035BEFB /* PBXContainerItemProxy */;
		};
/* End PBXTargetDependency section */

/* Begin PBXVariantGroup section */
		DE9F05552707F0860035BEFB /* Main.storyboard */ = {
			isa = PBXVariantGroup;
			children = (
				DE9F05562707F0860035BEFB /* Base */,
			);
			name = Main.storyboard;
			sourceTree = "<group>";
		};
		DE9F055A2707F0880035BEFB /* LaunchScreen.storyboard */ = {
			isa = PBXVariantGroup;
			children = (
				DE9F055B2707F0880035BEFB /* Base */,
			);
			name = LaunchScreen.storyboard;
			sourceTree = "<group>";
		};
/* End PBXVariantGroup section */

/* Begin XCBuildConfiguration section */
		DE9F05742707F0880035BEFB /* Debug */ = {
			isa = XCBuildConfiguration;
			buildSettings = {
				ALWAYS_SEARCH_USER_PATHS = NO;
				CLANG_ANALYZER_NONNULL = YES;
				CLANG_ANALYZER_NUMBER_OBJECT_CONVERSION = YES_AGGRESSIVE;
				CLANG_CXX_LANGUAGE_STANDARD = "gnu++17";
				CLANG_CXX_LIBRARY = "libc++";
				CLANG_ENABLE_MODULES = YES;
				CLANG_ENABLE_OBJC_ARC = YES;
				CLANG_ENABLE_OBJC_WEAK = YES;
				CLANG_WARN_BLOCK_CAPTURE_AUTORELEASING = YES;
				CLANG_WARN_BOOL_CONVERSION = YES;
				CLANG_WARN_COMMA = YES;
				CLANG_WARN_CONSTANT_CONVERSION = YES;
				CLANG_WARN_DEPRECATED_OBJC_IMPLEMENTATIONS = YES;
				CLANG_WARN_DIRECT_OBJC_ISA_USAGE = YES_ERROR;
				CLANG_WARN_DOCUMENTATION_COMMENTS = YES;
				CLANG_WARN_EMPTY_BODY = YES;
				CLANG_WARN_ENUM_CONVERSION = YES;
				CLANG_WARN_INFINITE_RECURSION = YES;
				CLANG_WARN_INT_CONVERSION = YES;
				CLANG_WARN_NON_LITERAL_NULL_CONVERSION = YES;
				CLANG_WARN_OBJC_IMPLICIT_RETAIN_SELF = YES;
				CLANG_WARN_OBJC_LITERAL_CONVERSION = YES;
				CLANG_WARN_OBJC_ROOT_CLASS = YES_ERROR;
				CLANG_WARN_QUOTED_INCLUDE_IN_FRAMEWORK_HEADER = YES;
				CLANG_WARN_RANGE_LOOP_ANALYSIS = YES;
				CLANG_WARN_STRICT_PROTOTYPES = YES;
				CLANG_WARN_SUSPICIOUS_MOVE = YES;
				CLANG_WARN_UNGUARDED_AVAILABILITY = YES_AGGRESSIVE;
				CLANG_WARN_UNREACHABLE_CODE = YES;
				CLANG_WARN__DUPLICATE_METHOD_MATCH = YES;
				COPY_PHASE_STRIP = NO;
				DEBUG_INFORMATION_FORMAT = dwarf;
				ENABLE_STRICT_OBJC_MSGSEND = YES;
				ENABLE_TESTABILITY = YES;
				GCC_C_LANGUAGE_STANDARD = gnu11;
				GCC_DYNAMIC_NO_PIC = NO;
				GCC_NO_COMMON_BLOCKS = YES;
				GCC_OPTIMIZATION_LEVEL = 0;
				GCC_PREPROCESSOR_DEFINITIONS = (
					"DEBUG=1",
					"$(inherited)",
				);
				GCC_WARN_64_TO_32_BIT_CONVERSION = YES;
				GCC_WARN_ABOUT_RETURN_TYPE = YES_ERROR;
				GCC_WARN_UNDECLARED_SELECTOR = YES;
				GCC_WARN_UNINITIALIZED_AUTOS = YES_AGGRESSIVE;
				GCC_WARN_UNUSED_FUNCTION = YES;
				GCC_WARN_UNUSED_VARIABLE = YES;
				IPHONEOS_DEPLOYMENT_TARGET = 15.0;
				MTL_ENABLE_DEBUG_INFO = INCLUDE_SOURCE;
				MTL_FAST_MATH = YES;
				ONLY_ACTIVE_ARCH = YES;
				SDKROOT = iphoneos;
				SWIFT_ACTIVE_COMPILATION_CONDITIONS = DEBUG;
				SWIFT_OPTIMIZATION_LEVEL = "-Onone";
			};
			name = Debug;
		};
		DE9F05752707F0880035BEFB /* Release */ = {
			isa = XCBuildConfiguration;
			buildSettings = {
				ALWAYS_SEARCH_USER_PATHS = NO;
				CLANG_ANALYZER_NONNULL = YES;
				CLANG_ANALYZER_NUMBER_OBJECT_CONVERSION = YES_AGGRESSIVE;
				CLANG_CXX_LANGUAGE_STANDARD = "gnu++17";
				CLANG_CXX_LIBRARY = "libc++";
				CLANG_ENABLE_MODULES = YES;
				CLANG_ENABLE_OBJC_ARC = YES;
				CLANG_ENABLE_OBJC_WEAK = YES;
				CLANG_WARN_BLOCK_CAPTURE_AUTORELEASING = YES;
				CLANG_WARN_BOOL_CONVERSION = YES;
				CLANG_WARN_COMMA = YES;
				CLANG_WARN_CONSTANT_CONVERSION = YES;
				CLANG_WARN_DEPRECATED_OBJC_IMPLEMENTATIONS = YES;
				CLANG_WARN_DIRECT_OBJC_ISA_USAGE = YES_ERROR;
				CLANG_WARN_DOCUMENTATION_COMMENTS = YES;
				CLANG_WARN_EMPTY_BODY = YES;
				CLANG_WARN_ENUM_CONVERSION = YES;
				CLANG_WARN_INFINITE_RECURSION = YES;
				CLANG_WARN_INT_CONVERSION = YES;
				CLANG_WARN_NON_LITERAL_NULL_CONVERSION = YES;
				CLANG_WARN_OBJC_IMPLICIT_RETAIN_SELF = YES;
				CLANG_WARN_OBJC_LITERAL_CONVERSION = YES;
				CLANG_WARN_OBJC_ROOT_CLASS = YES_ERROR;
				CLANG_WARN_QUOTED_INCLUDE_IN_FRAMEWORK_HEADER = YES;
				CLANG_WARN_RANGE_LOOP_ANALYSIS = YES;
				CLANG_WARN_STRICT_PROTOTYPES = YES;
				CLANG_WARN_SUSPICIOUS_MOVE = YES;
				CLANG_WARN_UNGUARDED_AVAILABILITY = YES_AGGRESSIVE;
				CLANG_WARN_UNREACHABLE_CODE = YES;
				CLANG_WARN__DUPLICATE_METHOD_MATCH = YES;
				COPY_PHASE_STRIP = NO;
				DEBUG_INFORMATION_FORMAT = "dwarf-with-dsym";
				ENABLE_NS_ASSERTIONS = NO;
				ENABLE_STRICT_OBJC_MSGSEND = YES;
				GCC_C_LANGUAGE_STANDARD = gnu11;
				GCC_NO_COMMON_BLOCKS = YES;
				GCC_WARN_64_TO_32_BIT_CONVERSION = YES;
				GCC_WARN_ABOUT_RETURN_TYPE = YES_ERROR;
				GCC_WARN_UNDECLARED_SELECTOR = YES;
				GCC_WARN_UNINITIALIZED_AUTOS = YES_AGGRESSIVE;
				GCC_WARN_UNUSED_FUNCTION = YES;
				GCC_WARN_UNUSED_VARIABLE = YES;
				IPHONEOS_DEPLOYMENT_TARGET = 15.0;
				MTL_ENABLE_DEBUG_INFO = NO;
				MTL_FAST_MATH = YES;
				SDKROOT = iphoneos;
				SWIFT_COMPILATION_MODE = wholemodule;
				SWIFT_OPTIMIZATION_LEVEL = "-O";
				VALIDATE_PRODUCT = YES;
			};
			name = Release;
		};
		DE9F05772707F0880035BEFB /* Debug */ = {
			isa = XCBuildConfiguration;
			buildSettings = {
				ASSETCATALOG_COMPILER_APPICON_NAME = AppIcon;
				ASSETCATALOG_COMPILER_GLOBAL_ACCENT_COLOR_NAME = AccentColor;
				CODE_SIGN_STYLE = Automatic;
				CURRENT_PROJECT_VERSION = 1;
				DEVELOPMENT_TEAM = S5BF5553KY;
				GENERATE_INFOPLIST_FILE = YES;
				INFOPLIST_FILE = SimpleMediaReaderExampleUIKit/Info.plist;
				INFOPLIST_KEY_UIApplicationSupportsIndirectInputEvents = YES;
				INFOPLIST_KEY_UILaunchStoryboardName = LaunchScreen;
				INFOPLIST_KEY_UIMainStoryboardFile = Main;
				INFOPLIST_KEY_UISupportedInterfaceOrientations_iPad = "UIInterfaceOrientationPortrait UIInterfaceOrientationPortraitUpsideDown UIInterfaceOrientationLandscapeLeft UIInterfaceOrientationLandscapeRight";
				INFOPLIST_KEY_UISupportedInterfaceOrientations_iPhone = "UIInterfaceOrientationPortrait UIInterfaceOrientationLandscapeLeft UIInterfaceOrientationLandscapeRight";
				LD_RUNPATH_SEARCH_PATHS = (
					"$(inherited)",
					"@executable_path/Frameworks",
				);
				MARKETING_VERSION = 1.0;
				PRODUCT_BUNDLE_IDENTIFIER = com.just1factory.SimpleMediaReaderExampleUIKit;
				PRODUCT_NAME = "$(TARGET_NAME)";
				SWIFT_EMIT_LOC_STRINGS = YES;
				SWIFT_VERSION = 5.0;
				TARGETED_DEVICE_FAMILY = "1,2";
			};
			name = Debug;
		};
		DE9F05782707F0880035BEFB /* Release */ = {
			isa = XCBuildConfiguration;
			buildSettings = {
				ASSETCATALOG_COMPILER_APPICON_NAME = AppIcon;
				ASSETCATALOG_COMPILER_GLOBAL_ACCENT_COLOR_NAME = AccentColor;
				CODE_SIGN_STYLE = Automatic;
				CURRENT_PROJECT_VERSION = 1;
				DEVELOPMENT_TEAM = S5BF5553KY;
				GENERATE_INFOPLIST_FILE = YES;
				INFOPLIST_FILE = SimpleMediaReaderExampleUIKit/Info.plist;
				INFOPLIST_KEY_UIApplicationSupportsIndirectInputEvents = YES;
				INFOPLIST_KEY_UILaunchStoryboardName = LaunchScreen;
				INFOPLIST_KEY_UIMainStoryboardFile = Main;
				INFOPLIST_KEY_UISupportedInterfaceOrientations_iPad = "UIInterfaceOrientationPortrait UIInterfaceOrientationPortraitUpsideDown UIInterfaceOrientationLandscapeLeft UIInterfaceOrientationLandscapeRight";
				INFOPLIST_KEY_UISupportedInterfaceOrientations_iPhone = "UIInterfaceOrientationPortrait UIInterfaceOrientationLandscapeLeft UIInterfaceOrientationLandscapeRight";
				LD_RUNPATH_SEARCH_PATHS = (
					"$(inherited)",
					"@executable_path/Frameworks",
				);
				MARKETING_VERSION = 1.0;
				PRODUCT_BUNDLE_IDENTIFIER = com.just1factory.SimpleMediaReaderExampleUIKit;
				PRODUCT_NAME = "$(TARGET_NAME)";
				SWIFT_EMIT_LOC_STRINGS = YES;
				SWIFT_VERSION = 5.0;
				TARGETED_DEVICE_FAMILY = "1,2";
			};
			name = Release;
		};
		DE9F057A2707F0880035BEFB /* Debug */ = {
			isa = XCBuildConfiguration;
			buildSettings = {
				ALWAYS_EMBED_SWIFT_STANDARD_LIBRARIES = YES;
				BUNDLE_LOADER = "$(TEST_HOST)";
				CODE_SIGN_STYLE = Automatic;
				CURRENT_PROJECT_VERSION = 1;
				DEVELOPMENT_TEAM = S5BF5553KY;
				GENERATE_INFOPLIST_FILE = YES;
				IPHONEOS_DEPLOYMENT_TARGET = 15.0;
				LD_RUNPATH_SEARCH_PATHS = (
					"$(inherited)",
					"@executable_path/Frameworks",
					"@loader_path/Frameworks",
				);
				MARKETING_VERSION = 1.0;
				PRODUCT_BUNDLE_IDENTIFIER = com.just1factory.SimpleMediaReaderExampleUIKitTests;
				PRODUCT_NAME = "$(TARGET_NAME)";
				SWIFT_EMIT_LOC_STRINGS = NO;
				SWIFT_VERSION = 5.0;
				TARGETED_DEVICE_FAMILY = "1,2";
				TEST_HOST = "$(BUILT_PRODUCTS_DIR)/SimpleMediaReaderExampleUIKit.app/SimpleMediaReaderExampleUIKit";
			};
			name = Debug;
		};
		DE9F057B2707F0880035BEFB /* Release */ = {
			isa = XCBuildConfiguration;
			buildSettings = {
				ALWAYS_EMBED_SWIFT_STANDARD_LIBRARIES = YES;
				BUNDLE_LOADER = "$(TEST_HOST)";
				CODE_SIGN_STYLE = Automatic;
				CURRENT_PROJECT_VERSION = 1;
				DEVELOPMENT_TEAM = S5BF5553KY;
				GENERATE_INFOPLIST_FILE = YES;
				IPHONEOS_DEPLOYMENT_TARGET = 15.0;
				LD_RUNPATH_SEARCH_PATHS = (
					"$(inherited)",
					"@executable_path/Frameworks",
					"@loader_path/Frameworks",
				);
				MARKETING_VERSION = 1.0;
				PRODUCT_BUNDLE_IDENTIFIER = com.just1factory.SimpleMediaReaderExampleUIKitTests;
				PRODUCT_NAME = "$(TARGET_NAME)";
				SWIFT_EMIT_LOC_STRINGS = NO;
				SWIFT_VERSION = 5.0;
				TARGETED_DEVICE_FAMILY = "1,2";
				TEST_HOST = "$(BUILT_PRODUCTS_DIR)/SimpleMediaReaderExampleUIKit.app/SimpleMediaReaderExampleUIKit";
			};
			name = Release;
		};
		DE9F057D2707F0880035BEFB /* Debug */ = {
			isa = XCBuildConfiguration;
			buildSettings = {
				ALWAYS_EMBED_SWIFT_STANDARD_LIBRARIES = YES;
				CODE_SIGN_STYLE = Automatic;
				CURRENT_PROJECT_VERSION = 1;
				DEVELOPMENT_TEAM = S5BF5553KY;
				GENERATE_INFOPLIST_FILE = YES;
				LD_RUNPATH_SEARCH_PATHS = (
					"$(inherited)",
					"@executable_path/Frameworks",
					"@loader_path/Frameworks",
				);
				MARKETING_VERSION = 1.0;
				PRODUCT_BUNDLE_IDENTIFIER = com.just1factory.SimpleMediaReaderExampleUIKitUITests;
				PRODUCT_NAME = "$(TARGET_NAME)";
				SWIFT_EMIT_LOC_STRINGS = NO;
				SWIFT_VERSION = 5.0;
				TARGETED_DEVICE_FAMILY = "1,2";
				TEST_TARGET_NAME = SimpleMediaReaderExampleUIKit;
			};
			name = Debug;
		};
		DE9F057E2707F0880035BEFB /* Release */ = {
			isa = XCBuildConfiguration;
			buildSettings = {
				ALWAYS_EMBED_SWIFT_STANDARD_LIBRARIES = YES;
				CODE_SIGN_STYLE = Automatic;
				CURRENT_PROJECT_VERSION = 1;
				DEVELOPMENT_TEAM = S5BF5553KY;
				GENERATE_INFOPLIST_FILE = YES;
				LD_RUNPATH_SEARCH_PATHS = (
					"$(inherited)",
					"@executable_path/Frameworks",
					"@loader_path/Frameworks",
				);
				MARKETING_VERSION = 1.0;
				PRODUCT_BUNDLE_IDENTIFIER = com.just1factory.SimpleMediaReaderExampleUIKitUITests;
				PRODUCT_NAME = "$(TARGET_NAME)";
				SWIFT_EMIT_LOC_STRINGS = NO;
				SWIFT_VERSION = 5.0;
				TARGETED_DEVICE_FAMILY = "1,2";
				TEST_TARGET_NAME = SimpleMediaReaderExampleUIKit;
			};
			name = Release;
		};
/* End XCBuildConfiguration section */

/* Begin XCConfigurationList section */
		DE9F05472707F0860035BEFB /* Build configuration list for PBXProject "SimpleMediaReaderExampleUIKit" */ = {
			isa = XCConfigurationList;
			buildConfigurations = (
				DE9F05742707F0880035BEFB /* Debug */,
				DE9F05752707F0880035BEFB /* Release */,
			);
			defaultConfigurationIsVisible = 0;
			defaultConfigurationName = Release;
		};
		DE9F05762707F0880035BEFB /* Build configuration list for PBXNativeTarget "SimpleMediaReaderExampleUIKit" */ = {
			isa = XCConfigurationList;
			buildConfigurations = (
				DE9F05772707F0880035BEFB /* Debug */,
				DE9F05782707F0880035BEFB /* Release */,
			);
			defaultConfigurationIsVisible = 0;
			defaultConfigurationName = Release;
		};
		DE9F05792707F0880035BEFB /* Build configuration list for PBXNativeTarget "SimpleMediaReaderExampleUIKitTests" */ = {
			isa = XCConfigurationList;
			buildConfigurations = (
				DE9F057A2707F0880035BEFB /* Debug */,
				DE9F057B2707F0880035BEFB /* Release */,
			);
			defaultConfigurationIsVisible = 0;
			defaultConfigurationName = Release;
		};
		DE9F057C2707F0880035BEFB /* Build configuration list for PBXNativeTarget "SimpleMediaReaderExampleUIKitUITests" */ = {
			isa = XCConfigurationList;
			buildConfigurations = (
				DE9F057D2707F0880035BEFB /* Debug */,
				DE9F057E2707F0880035BEFB /* Release */,
			);
			defaultConfigurationIsVisible = 0;
			defaultConfigurationName = Release;
		};
/* End XCConfigurationList section */
	};
	rootObject = DE9F05442707F0860035BEFB /* Project object */;
}
