// !$*UTF8*$!
{
	archiveVersion = 1;
	classes = {
	};
	objectVersion = 55;
	objects = {

/* Begin PBXBuildFile section */
		DE9F058C2707F0AC0035BEFB /* SimpleMediaReaderExampleSwiftUIApp.swift in Sources */ = {isa = PBXBuildFile; fileRef = DE9F058B2707F0AC0035BEFB /* SimpleMediaReaderExampleSwiftUIApp.swift */; };
		DE9F058E2707F0AC0035BEFB /* ContentView.swift in Sources */ = {isa = PBXBuildFile; fileRef = DE9F058D2707F0AC0035BEFB /* ContentView.swift */; };
		DE9F05902707F0AE0035BEFB /* Assets.xcassets in Resources */ = {isa = PBXBuildFile; fileRef = DE9F058F2707F0AE0035BEFB /* Assets.xcassets */; };
		DE9F05932707F0AE0035BEFB /* Preview Assets.xcassets in Resources */ = {isa = PBXBuildFile; fileRef = DE9F05922707F0AE0035BEFB /* Preview Assets.xcassets */; };
		DE9F059D2707F0AE0035BEFB /* SimpleMediaReaderExampleSwiftUITests.swift in Sources */ = {isa = PBXBuildFile; fileRef = DE9F059C2707F0AE0035BEFB /* SimpleMediaReaderExampleSwiftUITests.swift */; };
		DE9F05A72707F0AE0035BEFB /* SimpleMediaReaderExampleSwiftUIUITests.swift in Sources */ = {isa = PBXBuildFile; fileRef = DE9F05A62707F0AE0035BEFB /* SimpleMediaReaderExampleSwiftUIUITests.swift */; };
		DE9F05A92707F0AE0035BEFB /* SimpleMediaReaderExampleSwiftUIUITestsLaunchTests.swift in Sources */ = {isa = PBXBuildFile; fileRef = DE9F05A82707F0AE0035BEFB /* SimpleMediaReaderExampleSwiftUIUITestsLaunchTests.swift */; };
/* End PBXBuildFile section */

/* Begin PBXContainerItemProxy section */
		DE9F05992707F0AE0035BEFB /* PBXContainerItemProxy */ = {
			isa = PBXContainerItemProxy;
			containerPortal = DE9F05802707F0AC0035BEFB /* Project object */;
			proxyType = 1;
			remoteGlobalIDString = DE9F05872707F0AC0035BEFB;
			remoteInfo = SimpleMediaReaderExampleSwiftUI;
		};
		DE9F05A32707F0AE0035BEFB /* PBXContainerItemProxy */ = {
			isa = PBXContainerItemProxy;
			containerPortal = DE9F05802707F0AC0035BEFB /* Project object */;
			proxyType = 1;
			remoteGlobalIDString = DE9F05872707F0AC0035BEFB;
			remoteInfo = SimpleMediaReaderExampleSwiftUI;
		};
/* End PBXContainerItemProxy section */

/* Begin PBXFileReference section */
		DE9F05882707F0AC0035BEFB /* SimpleMediaReaderExampleSwiftUI.app */ = {isa = PBXFileReference; explicitFileType = wrapper.application; includeInIndex = 0; path = SimpleMediaReaderExampleSwiftUI.app; sourceTree = BUILT_PRODUCTS_DIR; };
		DE9F058B2707F0AC0035BEFB /* SimpleMediaReaderExampleSwiftUIApp.swift */ = {isa = PBXFileReference; lastKnownFileType = sourcecode.swift; path = SimpleMediaReaderExampleSwiftUIApp.swift; sourceTree = "<group>"; };
		DE9F058D2707F0AC0035BEFB /* ContentView.swift */ = {isa = PBXFileReference; lastKnownFileType = sourcecode.swift; path = ContentView.swift; sourceTree = "<group>"; };
		DE9F058F2707F0AE0035BEFB /* Assets.xcassets */ = {isa = PBXFileReference; lastKnownFileType = folder.assetcatalog; path = Assets.xcassets; sourceTree = "<group>"; };
		DE9F05922707F0AE0035BEFB /* Preview Assets.xcassets */ = {isa = PBXFileReference; lastKnownFileType = folder.assetcatalog; path = "Preview Assets.xcassets"; sourceTree = "<group>"; };
		DE9F05982707F0AE0035BEFB /* SimpleMediaReaderExampleSwiftUITests.xctest */ = {isa = PBXFileReference; explicitFileType = wrapper.cfbundle; includeInIndex = 0; path = SimpleMediaReaderExampleSwiftUITests.xctest; sourceTree = BUILT_PRODUCTS_DIR; };
		DE9F059C2707F0AE0035BEFB /* SimpleMediaReaderExampleSwiftUITests.swift */ = {isa = PBXFileReference; lastKnownFileType = sourcecode.swift; path = SimpleMediaReaderExampleSwiftUITests.swift; sourceTree = "<group>"; };
		DE9F05A22707F0AE0035BEFB /* SimpleMediaReaderExampleSwiftUIUITests.xctest */ = {isa = PBXFileReference; explicitFileType = wrapper.cfbundle; includeInIndex = 0; path = SimpleMediaReaderExampleSwiftUIUITests.xctest; sourceTree = BUILT_PRODUCTS_DIR; };
		DE9F05A62707F0AE0035BEFB /* SimpleMediaReaderExampleSwiftUIUITests.swift */ = {isa = PBXFileReference; lastKnownFileType = sourcecode.swift; path = SimpleMediaReaderExampleSwiftUIUITests.swift; sourceTree = "<group>"; };
		DE9F05A82707F0AE0035BEFB /* SimpleMediaReaderExampleSwiftUIUITestsLaunchTests.swift */ = {isa = PBXFileReference; lastKnownFileType = sourcecode.swift; path = SimpleMediaReaderExampleSwiftUIUITestsLaunchTests.swift; sourceTree = "<group>"; };
/* End PBXFileReference section */

/* Begin PBXFrameworksBuildPhase section */
		DE9F05852707F0AC0035BEFB /* Frameworks */ = {
			isa = PBXFrameworksBuildPhase;
			buildActionMask = 2147483647;
			files = (
			);
			runOnlyForDeploymentPostprocessing = 0;
		};
		DE9F05952707F0AE0035BEFB /* Frameworks */ = {
			isa = PBXFrameworksBuildPhase;
			buildActionMask = 2147483647;
			files = (
			);
			runOnlyForDeploymentPostprocessing = 0;
		};
		DE9F059F2707F0AE0035BEFB /* Frameworks */ = {
			isa = PBXFrameworksBuildPhase;
			buildActionMask = 2147483647;
			files = (
			);
			runOnlyForDeploymentPostprocessing = 0;
		};
/* End PBXFrameworksBuildPhase section */

/* Begin PBXGroup section */
		DE9F057F2707F0AC0035BEFB = {
			isa = PBXGroup;
			children = (
				DE9F058A2707F0AC0035BEFB /* SimpleMediaReaderExampleSwiftUI */,
				DE9F059B2707F0AE0035BEFB /* SimpleMediaReaderExampleSwiftUITests */,
				DE9F05A52707F0AE0035BEFB /* SimpleMediaReaderExampleSwiftUIUITests */,
				DE9F05892707F0AC0035BEFB /* Products */,
			);
			sourceTree = "<group>";
		};
		DE9F05892707F0AC0035BEFB /* Products */ = {
			isa = PBXGroup;
			children = (
				DE9F05882707F0AC0035BEFB /* SimpleMediaReaderExampleSwiftUI.app */,
				DE9F05982707F0AE0035BEFB /* SimpleMediaReaderExampleSwiftUITests.xctest */,
				DE9F05A22707F0AE0035BEFB /* SimpleMediaReaderExampleSwiftUIUITests.xctest */,
			);
			name = Products;
			sourceTree = "<group>";
		};
		DE9F058A2707F0AC0035BEFB /* SimpleMediaReaderExampleSwiftUI */ = {
			isa = PBXGroup;
			children = (
				DE9F058B2707F0AC0035BEFB /* SimpleMediaReaderExampleSwiftUIApp.swift */,
				DE9F058D2707F0AC0035BEFB /* ContentView.swift */,
				DE9F058F2707F0AE0035BEFB /* Assets.xcassets */,
				DE9F05912707F0AE0035BEFB /* Preview Content */,
			);
			path = SimpleMediaReaderExampleSwiftUI;
			sourceTree = "<group>";
		};
		DE9F05912707F0AE0035BEFB /* Preview Content */ = {
			isa = PBXGroup;
			children = (
				DE9F05922707F0AE0035BEFB /* Preview Assets.xcassets */,
			);
			path = "Preview Content";
			sourceTree = "<group>";
		};
		DE9F059B2707F0AE0035BEFB /* SimpleMediaReaderExampleSwiftUITests */ = {
			isa = PBXGroup;
			children = (
				DE9F059C2707F0AE0035BEFB /* SimpleMediaReaderExampleSwiftUITests.swift */,
			);
			path = SimpleMediaReaderExampleSwiftUITests;
			sourceTree = "<group>";
		};
		DE9F05A52707F0AE0035BEFB /* SimpleMediaReaderExampleSwiftUIUITests */ = {
			isa = PBXGroup;
			children = (
				DE9F05A62707F0AE0035BEFB /* SimpleMediaReaderExampleSwiftUIUITests.swift */,
				DE9F05A82707F0AE0035BEFB /* SimpleMediaReaderExampleSwiftUIUITestsLaunchTests.swift */,
			);
			path = SimpleMediaReaderExampleSwiftUIUITests;
			sourceTree = "<group>";
		};
/* End PBXGroup section */

/* Begin PBXNativeTarget section */
		DE9F05872707F0AC0035BEFB /* SimpleMediaReaderExampleSwiftUI */ = {
			isa = PBXNativeTarget;
			buildConfigurationList = DE9F05AC2707F0AE0035BEFB /* Build configuration list for PBXNativeTarget "SimpleMediaReaderExampleSwiftUI" */;
			buildPhases = (
				DE9F05842707F0AC0035BEFB /* Sources */,
				DE9F05852707F0AC0035BEFB /* Frameworks */,
				DE9F05862707F0AC0035BEFB /* Resources */,
			);
			buildRules = (
			);
			dependencies = (
			);
			name = SimpleMediaReaderExampleSwiftUI;
			productName = SimpleMediaReaderExampleSwiftUI;
			productReference = DE9F05882707F0AC0035BEFB /* SimpleMediaReaderExampleSwiftUI.app */;
			productType = "com.apple.product-type.application";
		};
		DE9F05972707F0AE0035BEFB /* SimpleMediaReaderExampleSwiftUITests */ = {
			isa = PBXNativeTarget;
			buildConfigurationList = DE9F05AF2707F0AE0035BEFB /* Build configuration list for PBXNativeTarget "SimpleMediaReaderExampleSwiftUITests" */;
			buildPhases = (
				DE9F05942707F0AE0035BEFB /* Sources */,
				DE9F05952707F0AE0035BEFB /* Frameworks */,
				DE9F05962707F0AE0035BEFB /* Resources */,
			);
			buildRules = (
			);
			dependencies = (
				DE9F059A2707F0AE0035BEFB /* PBXTargetDependency */,
			);
			name = SimpleMediaReaderExampleSwiftUITests;
			productName = SimpleMediaReaderExampleSwiftUITests;
			productReference = DE9F05982707F0AE0035BEFB /* SimpleMediaReaderExampleSwiftUITests.xctest */;
			productType = "com.apple.product-type.bundle.unit-test";
		};
		DE9F05A12707F0AE0035BEFB /* SimpleMediaReaderExampleSwiftUIUITests */ = {
			isa = PBXNativeTarget;
			buildConfigurationList = DE9F05B22707F0AE0035BEFB /* Build configuration list for PBXNativeTarget "SimpleMediaReaderExampleSwiftUIUITests" */;
			buildPhases = (
				DE9F059E2707F0AE0035BEFB /* Sources */,
				DE9F059F2707F0AE0035BEFB /* Frameworks */,
				DE9F05A02707F0AE0035BEFB /* Resources */,
			);
			buildRules = (
			);
			dependencies = (
				DE9F05A42707F0AE0035BEFB /* PBXTargetDependency */,
			);
			name = SimpleMediaReaderExampleSwiftUIUITests;
			productName = SimpleMediaReaderExampleSwiftUIUITests;
			productReference = DE9F05A22707F0AE0035BEFB /* SimpleMediaReaderExampleSwiftUIUITests.xctest */;
			productType = "com.apple.product-type.bundle.ui-testing";
		};
/* End PBXNativeTarget section */

/* Begin PBXProject section */
		DE9F05802707F0AC0035BEFB /* Project object */ = {
			isa = PBXProject;
			attributes = {
				BuildIndependentTargetsInParallel = 1;
				LastSwiftUpdateCheck = 1300;
				LastUpgradeCheck = 1300;
				TargetAttributes = {
					DE9F05872707F0AC0035BEFB = {
						CreatedOnToolsVersion = 13.0;
					};
					DE9F05972707F0AE0035BEFB = {
						CreatedOnToolsVersion = 13.0;
						TestTargetID = DE9F05872707F0AC0035BEFB;
					};
					DE9F05A12707F0AE0035BEFB = {
						CreatedOnToolsVersion = 13.0;
						TestTargetID = DE9F05872707F0AC0035BEFB;
					};
				};
			};
			buildConfigurationList = DE9F05832707F0AC0035BEFB /* Build configuration list for PBXProject "SimpleMediaReaderExampleSwiftUI" */;
			compatibilityVersion = "Xcode 13.0";
			developmentRegion = en;
			hasScannedForEncodings = 0;
			knownRegions = (
				en,
				Base,
			);
			mainGroup = DE9F057F2707F0AC0035BEFB;
			productRefGroup = DE9F05892707F0AC0035BEFB /* Products */;
			projectDirPath = "";
			projectRoot = "";
			targets = (
				DE9F05872707F0AC0035BEFB /* SimpleMediaReaderExampleSwiftUI */,
				DE9F05972707F0AE0035BEFB /* SimpleMediaReaderExampleSwiftUITests */,
				DE9F05A12707F0AE0035BEFB /* SimpleMediaReaderExampleSwiftUIUITests */,
			);
		};
/* End PBXProject section */

/* Begin PBXResourcesBuildPhase section */
		DE9F05862707F0AC0035BEFB /* Resources */ = {
			isa = PBXResourcesBuildPhase;
			buildActionMask = 2147483647;
			files = (
				DE9F05932707F0AE0035BEFB /* Preview Assets.xcassets in Resources */,
				DE9F05902707F0AE0035BEFB /* Assets.xcassets in Resources */,
			);
			runOnlyForDeploymentPostprocessing = 0;
		};
		DE9F05962707F0AE0035BEFB /* Resources */ = {
			isa = PBXResourcesBuildPhase;
			buildActionMask = 2147483647;
			files = (
			);
			runOnlyForDeploymentPostprocessing = 0;
		};
		DE9F05A02707F0AE0035BEFB /* Resources */ = {
			isa = PBXResourcesBuildPhase;
			buildActionMask = 2147483647;
			files = (
			);
			runOnlyForDeploymentPostprocessing = 0;
		};
/* End PBXResourcesBuildPhase section */

/* Begin PBXSourcesBuildPhase section */
		DE9F05842707F0AC0035BEFB /* Sources */ = {
			isa = PBXSourcesBuildPhase;
			buildActionMask = 2147483647;
			files = (
				DE9F058E2707F0AC0035BEFB /* ContentView.swift in Sources */,
				DE9F058C2707F0AC0035BEFB /* SimpleMediaReaderExampleSwiftUIApp.swift in Sources */,
			);
			runOnlyForDeploymentPostprocessing = 0;
		};
		DE9F05942707F0AE0035BEFB /* Sources */ = {
			isa = PBXSourcesBuildPhase;
			buildActionMask = 2147483647;
			files = (
				DE9F059D2707F0AE0035BEFB /* SimpleMediaReaderExampleSwiftUITests.swift in Sources */,
			);
			runOnlyForDeploymentPostprocessing = 0;
		};
		DE9F059E2707F0AE0035BEFB /* Sources */ = {
			isa = PBXSourcesBuildPhase;
			buildActionMask = 2147483647;
			files = (
				DE9F05A72707F0AE0035BEFB /* SimpleMediaReaderExampleSwiftUIUITests.swift in Sources */,
				DE9F05A92707F0AE0035BEFB /* SimpleMediaReaderExampleSwiftUIUITestsLaunchTests.swift in Sources */,
			);
			runOnlyForDeploymentPostprocessing = 0;
		};
/* End PBXSourcesBuildPhase section */

/* Begin PBXTargetDependency section */
		DE9F059A2707F0AE0035BEFB /* PBXTargetDependency */ = {
			isa = PBXTargetDependency;
			target = DE9F05872707F0AC0035BEFB /* SimpleMediaReaderExampleSwiftUI */;
			targetProxy = DE9F05992707F0AE0035BEFB /* PBXContainerItemProxy */;
		};
		DE9F05A42707F0AE0035BEFB /* PBXTargetDependency */ = {
			isa = PBXTargetDependency;
			target = DE9F05872707F0AC0035BEFB /* SimpleMediaReaderExampleSwiftUI */;
			targetProxy = DE9F05A32707F0AE0035BEFB /* PBXContainerItemProxy */;
		};
/* End PBXTargetDependency section */

/* Begin XCBuildConfiguration section */
		DE9F05AA2707F0AE0035BEFB /* Debug */ = {
			isa = XCBuildConfiguration;
			buildSettings = {
				ALWAYS_SEARCH_USER_PATHS = NO;
				CLANG_ANALYZER_NONNULL = YES;
				CLANG_ANALYZER_NUMBER_OBJECT_CONVERSION = YES_AGGRESSIVE;
				CLANG_CXX_LANGUAGE_STANDARD = "gnu++17";
				CLANG_CXX_LIBRARY = "libc++";
				CLANG_ENABLE_MODULES = YES;
				CLANG_ENABLE_OBJC_ARC = YES;
				CLANG_ENABLE_OBJC_WEAK = YES;
				CLANG_WARN_BLOCK_CAPTURE_AUTORELEASING = YES;
				CLANG_WARN_BOOL_CONVERSION = YES;
				CLANG_WARN_COMMA = YES;
				CLANG_WARN_CONSTANT_CONVERSION = YES;
				CLANG_WARN_DEPRECATED_OBJC_IMPLEMENTATIONS = YES;
				CLANG_WARN_DIRECT_OBJC_ISA_USAGE = YES_ERROR;
				CLANG_WARN_DOCUMENTATION_COMMENTS = YES;
				CLANG_WARN_EMPTY_BODY = YES;
				CLANG_WARN_ENUM_CONVERSION = YES;
				CLANG_WARN_INFINITE_RECURSION = YES;
				CLANG_WARN_INT_CONVERSION = YES;
				CLANG_WARN_NON_LITERAL_NULL_CONVERSION = YES;
				CLANG_WARN_OBJC_IMPLICIT_RETAIN_SELF = YES;
				CLANG_WARN_OBJC_LITERAL_CONVERSION = YES;
				CLANG_WARN_OBJC_ROOT_CLASS = YES_ERROR;
				CLANG_WARN_QUOTED_INCLUDE_IN_FRAMEWORK_HEADER = YES;
				CLANG_WARN_RANGE_LOOP_ANALYSIS = YES;
				CLANG_WARN_STRICT_PROTOTYPES = YES;
				CLANG_WARN_SUSPICIOUS_MOVE = YES;
				CLANG_WARN_UNGUARDED_AVAILABILITY = YES_AGGRESSIVE;
				CLANG_WARN_UNREACHABLE_CODE = YES;
				CLANG_WARN__DUPLICATE_METHOD_MATCH = YES;
				COPY_PHASE_STRIP = NO;
				DEBUG_INFORMATION_FORMAT = dwarf;
				ENABLE_STRICT_OBJC_MSGSEND = YES;
				ENABLE_TESTABILITY = YES;
				GCC_C_LANGUAGE_STANDARD = gnu11;
				GCC_DYNAMIC_NO_PIC = NO;
				GCC_NO_COMMON_BLOCKS = YES;
				GCC_OPTIMIZATION_LEVEL = 0;
				GCC_PREPROCESSOR_DEFINITIONS = (
					"DEBUG=1",
					"$(inherited)",
				);
				GCC_WARN_64_TO_32_BIT_CONVERSION = YES;
				GCC_WARN_ABOUT_RETURN_TYPE = YES_ERROR;
				GCC_WARN_UNDECLARED_SELECTOR = YES;
				GCC_WARN_UNINITIALIZED_AUTOS = YES_AGGRESSIVE;
				GCC_WARN_UNUSED_FUNCTION = YES;
				GCC_WARN_UNUSED_VARIABLE = YES;
				IPHONEOS_DEPLOYMENT_TARGET = 15.0;
				MTL_ENABLE_DEBUG_INFO = INCLUDE_SOURCE;
				MTL_FAST_MATH = YES;
				ONLY_ACTIVE_ARCH = YES;
				SDKROOT = iphoneos;
				SWIFT_ACTIVE_COMPILATION_CONDITIONS = DEBUG;
				SWIFT_OPTIMIZATION_LEVEL = "-Onone";
			};
			name = Debug;
		};
		DE9F05AB2707F0AE0035BEFB /* Release */ = {
			isa = XCBuildConfiguration;
			buildSettings = {
				ALWAYS_SEARCH_USER_PATHS = NO;
				CLANG_ANALYZER_NONNULL = YES;
				CLANG_ANALYZER_NUMBER_OBJECT_CONVERSION = YES_AGGRESSIVE;
				CLANG_CXX_LANGUAGE_STANDARD = "gnu++17";
				CLANG_CXX_LIBRARY = "libc++";
				CLANG_ENABLE_MODULES = YES;
				CLANG_ENABLE_OBJC_ARC = YES;
				CLANG_ENABLE_OBJC_WEAK = YES;
				CLANG_WARN_BLOCK_CAPTURE_AUTORELEASING = YES;
				CLANG_WARN_BOOL_CONVERSION = YES;
				CLANG_WARN_COMMA = YES;
				CLANG_WARN_CONSTANT_CONVERSION = YES;
				CLANG_WARN_DEPRECATED_OBJC_IMPLEMENTATIONS = YES;
				CLANG_WARN_DIRECT_OBJC_ISA_USAGE = YES_ERROR;
				CLANG_WARN_DOCUMENTATION_COMMENTS = YES;
				CLANG_WARN_EMPTY_BODY = YES;
				CLANG_WARN_ENUM_CONVERSION = YES;
				CLANG_WARN_INFINITE_RECURSION = YES;
				CLANG_WARN_INT_CONVERSION = YES;
				CLANG_WARN_NON_LITERAL_NULL_CONVERSION = YES;
				CLANG_WARN_OBJC_IMPLICIT_RETAIN_SELF = YES;
				CLANG_WARN_OBJC_LITERAL_CONVERSION = YES;
				CLANG_WARN_OBJC_ROOT_CLASS = YES_ERROR;
				CLANG_WARN_QUOTED_INCLUDE_IN_FRAMEWORK_HEADER = YES;
				CLANG_WARN_RANGE_LOOP_ANALYSIS = YES;
				CLANG_WARN_STRICT_PROTOTYPES = YES;
				CLANG_WARN_SUSPICIOUS_MOVE = YES;
				CLANG_WARN_UNGUARDED_AVAILABILITY = YES_AGGRESSIVE;
				CLANG_WARN_UNREACHABLE_CODE = YES;
				CLANG_WARN__DUPLICATE_METHOD_MATCH = YES;
				COPY_PHASE_STRIP = NO;
				DEBUG_INFORMATION_FORMAT = "dwarf-with-dsym";
				ENABLE_NS_ASSERTIONS = NO;
				ENABLE_STRICT_OBJC_MSGSEND = YES;
				GCC_C_LANGUAGE_STANDARD = gnu11;
				GCC_NO_COMMON_BLOCKS = YES;
				GCC_WARN_64_TO_32_BIT_CONVERSION = YES;
				GCC_WARN_ABOUT_RETURN_TYPE = YES_ERROR;
				GCC_WARN_UNDECLARED_SELECTOR = YES;
				GCC_WARN_UNINITIALIZED_AUTOS = YES_AGGRESSIVE;
				GCC_WARN_UNUSED_FUNCTION = YES;
				GCC_WARN_UNUSED_VARIABLE = YES;
				IPHONEOS_DEPLOYMENT_TARGET = 15.0;
				MTL_ENABLE_DEBUG_INFO = NO;
				MTL_FAST_MATH = YES;
				SDKROOT = iphoneos;
				SWIFT_COMPILATION_MODE = wholemodule;
				SWIFT_OPTIMIZATION_LEVEL = "-O";
				VALIDATE_PRODUCT = YES;
			};
			name = Release;
		};
		DE9F05AD2707F0AE0035BEFB /* Debug */ = {
			isa = XCBuildConfiguration;
			buildSettings = {
				ASSETCATALOG_COMPILER_APPICON_NAME = AppIcon;
				ASSETCATALOG_COMPILER_GLOBAL_ACCENT_COLOR_NAME = AccentColor;
				CODE_SIGN_STYLE = Automatic;
				CURRENT_PROJECT_VERSION = 1;
				DEVELOPMENT_ASSET_PATHS = "\"SimpleMediaReaderExampleSwiftUI/Preview Content\"";
				DEVELOPMENT_TEAM = S5BF5553KY;
				ENABLE_PREVIEWS = YES;
				GENERATE_INFOPLIST_FILE = YES;
				INFOPLIST_KEY_UIApplicationSceneManifest_Generation = YES;
				INFOPLIST_KEY_UIApplicationSupportsIndirectInputEvents = YES;
				INFOPLIST_KEY_UILaunchScreen_Generation = YES;
				INFOPLIST_KEY_UISupportedInterfaceOrientations_iPad = "UIInterfaceOrientationPortrait UIInterfaceOrientationPortraitUpsideDown UIInterfaceOrientationLandscapeLeft UIInterfaceOrientationLandscapeRight";
				INFOPLIST_KEY_UISupportedInterfaceOrientations_iPhone = "UIInterfaceOrientationPortrait UIInterfaceOrientationLandscapeLeft UIInterfaceOrientationLandscapeRight";
				IPHONEOS_DEPLOYMENT_TARGET = 14.0;
				LD_RUNPATH_SEARCH_PATHS = (
					"$(inherited)",
					"@executable_path/Frameworks",
				);
				MARKETING_VERSION = 1.0;
				PRODUCT_BUNDLE_IDENTIFIER = com.just1factory.SimpleMediaReaderExampleSwiftUI;
				PRODUCT_NAME = "$(TARGET_NAME)";
				SWIFT_EMIT_LOC_STRINGS = YES;
				SWIFT_VERSION = 5.0;
				TARGETED_DEVICE_FAMILY = "1,2";
			};
			name = Debug;
		};
		DE9F05AE2707F0AE0035BEFB /* Release */ = {
			isa = XCBuildConfiguration;
			buildSettings = {
				ASSETCATALOG_COMPILER_APPICON_NAME = AppIcon;
				ASSETCATALOG_COMPILER_GLOBAL_ACCENT_COLOR_NAME = AccentColor;
				CODE_SIGN_STYLE = Automatic;
				CURRENT_PROJECT_VERSION = 1;
				DEVELOPMENT_ASSET_PATHS = "\"SimpleMediaReaderExampleSwiftUI/Preview Content\"";
				DEVELOPMENT_TEAM = S5BF5553KY;
				ENABLE_PREVIEWS = YES;
				GENERATE_INFOPLIST_FILE = YES;
				INFOPLIST_KEY_UIApplicationSceneManifest_Generation = YES;
				INFOPLIST_KEY_UIApplicationSupportsIndirectInputEvents = YES;
				INFOPLIST_KEY_UILaunchScreen_Generation = YES;
				INFOPLIST_KEY_UISupportedInterfaceOrientations_iPad = "UIInterfaceOrientationPortrait UIInterfaceOrientationPortraitUpsideDown UIInterfaceOrientationLandscapeLeft UIInterfaceOrientationLandscapeRight";
				INFOPLIST_KEY_UISupportedInterfaceOrientations_iPhone = "UIInterfaceOrientationPortrait UIInterfaceOrientationLandscapeLeft UIInterfaceOrientationLandscapeRight";
				IPHONEOS_DEPLOYMENT_TARGET = 14.0;
				LD_RUNPATH_SEARCH_PATHS = (
					"$(inherited)",
					"@executable_path/Frameworks",
				);
				MARKETING_VERSION = 1.0;
				PRODUCT_BUNDLE_IDENTIFIER = com.just1factory.SimpleMediaReaderExampleSwiftUI;
				PRODUCT_NAME = "$(TARGET_NAME)";
				SWIFT_EMIT_LOC_STRINGS = YES;
				SWIFT_VERSION = 5.0;
				TARGETED_DEVICE_FAMILY = "1,2";
			};
			name = Release;
		};
		DE9F05B02707F0AE0035BEFB /* Debug */ = {
			isa = XCBuildConfiguration;
			buildSettings = {
				ALWAYS_EMBED_SWIFT_STANDARD_LIBRARIES = YES;
				BUNDLE_LOADER = "$(TEST_HOST)";
				CODE_SIGN_STYLE = Automatic;
				CURRENT_PROJECT_VERSION = 1;
				DEVELOPMENT_TEAM = S5BF5553KY;
				GENERATE_INFOPLIST_FILE = YES;
				IPHONEOS_DEPLOYMENT_TARGET = 14.0;
				LD_RUNPATH_SEARCH_PATHS = (
					"$(inherited)",
					"@executable_path/Frameworks",
					"@loader_path/Frameworks",
				);
				MARKETING_VERSION = 1.0;
				PRODUCT_BUNDLE_IDENTIFIER = com.just1factory.SimpleMediaReaderExampleSwiftUITests;
				PRODUCT_NAME = "$(TARGET_NAME)";
				SWIFT_EMIT_LOC_STRINGS = NO;
				SWIFT_VERSION = 5.0;
				TARGETED_DEVICE_FAMILY = "1,2";
				TEST_HOST = "$(BUILT_PRODUCTS_DIR)/SimpleMediaReaderExampleSwiftUI.app/SimpleMediaReaderExampleSwiftUI";
			};
			name = Debug;
		};
		DE9F05B12707F0AE0035BEFB /* Release */ = {
			isa = XCBuildConfiguration;
			buildSettings = {
				ALWAYS_EMBED_SWIFT_STANDARD_LIBRARIES = YES;
				BUNDLE_LOADER = "$(TEST_HOST)";
				CODE_SIGN_STYLE = Automatic;
				CURRENT_PROJECT_VERSION = 1;
				DEVELOPMENT_TEAM = S5BF5553KY;
				GENERATE_INFOPLIST_FILE = YES;
				IPHONEOS_DEPLOYMENT_TARGET = 14.0;
				LD_RUNPATH_SEARCH_PATHS = (
					"$(inherited)",
					"@executable_path/Frameworks",
					"@loader_path/Frameworks",
				);
				MARKETING_VERSION = 1.0;
				PRODUCT_BUNDLE_IDENTIFIER = com.just1factory.SimpleMediaReaderExampleSwiftUITests;
				PRODUCT_NAME = "$(TARGET_NAME)";
				SWIFT_EMIT_LOC_STRINGS = NO;
				SWIFT_VERSION = 5.0;
				TARGETED_DEVICE_FAMILY = "1,2";
				TEST_HOST = "$(BUILT_PRODUCTS_DIR)/SimpleMediaReaderExampleSwiftUI.app/SimpleMediaReaderExampleSwiftUI";
			};
			name = Release;
		};
		DE9F05B32707F0AE0035BEFB /* Debug */ = {
			isa = XCBuildConfiguration;
			buildSettings = {
				ALWAYS_EMBED_SWIFT_STANDARD_LIBRARIES = YES;
				CODE_SIGN_STYLE = Automatic;
				CURRENT_PROJECT_VERSION = 1;
				DEVELOPMENT_TEAM = S5BF5553KY;
				GENERATE_INFOPLIST_FILE = YES;
				LD_RUNPATH_SEARCH_PATHS = (
					"$(inherited)",
					"@executable_path/Frameworks",
					"@loader_path/Frameworks",
				);
				MARKETING_VERSION = 1.0;
				PRODUCT_BUNDLE_IDENTIFIER = com.just1factory.SimpleMediaReaderExampleSwiftUIUITests;
				PRODUCT_NAME = "$(TARGET_NAME)";
				SWIFT_EMIT_LOC_STRINGS = NO;
				SWIFT_VERSION = 5.0;
				TARGETED_DEVICE_FAMILY = "1,2";
				TEST_TARGET_NAME = SimpleMediaReaderExampleSwiftUI;
			};
			name = Debug;
		};
		DE9F05B42707F0AE0035BEFB /* Release */ = {
			isa = XCBuildConfiguration;
			buildSettings = {
				ALWAYS_EMBED_SWIFT_STANDARD_LIBRARIES = YES;
				CODE_SIGN_STYLE = Automatic;
				CURRENT_PROJECT_VERSION = 1;
				DEVELOPMENT_TEAM = S5BF5553KY;
				GENERATE_INFOPLIST_FILE = YES;
				LD_RUNPATH_SEARCH_PATHS = (
					"$(inherited)",
					"@executable_path/Frameworks",
					"@loader_path/Frameworks",
				);
				MARKETING_VERSION = 1.0;
				PRODUCT_BUNDLE_IDENTIFIER = com.just1factory.SimpleMediaReaderExampleSwiftUIUITests;
				PRODUCT_NAME = "$(TARGET_NAME)";
				SWIFT_EMIT_LOC_STRINGS = NO;
				SWIFT_VERSION = 5.0;
				TARGETED_DEVICE_FAMILY = "1,2";
				TEST_TARGET_NAME = SimpleMediaReaderExampleSwiftUI;
			};
			name = Release;
		};
/* End XCBuildConfiguration section */

/* Begin XCConfigurationList section */
		DE9F05832707F0AC0035BEFB /* Build configuration list for PBXProject "SimpleMediaReaderExampleSwiftUI" */ = {
			isa = XCConfigurationList;
			buildConfigurations = (
				DE9F05AA2707F0AE0035BEFB /* Debug */,
				DE9F05AB2707F0AE0035BEFB /* Release */,
			);
			defaultConfigurationIsVisible = 0;
			defaultConfigurationName = Release;
		};
		DE9F05AC2707F0AE0035BEFB /* Build configuration list for PBXNativeTarget "SimpleMediaReaderExampleSwiftUI" */ = {
			isa = XCConfigurationList;
			buildConfigurations = (
				DE9F05AD2707F0AE0035BEFB /* Debug */,
				DE9F05AE2707F0AE0035BEFB /* Release */,
			);
			defaultConfigurationIsVisible = 0;
			defaultConfigurationName = Release;
		};
		DE9F05AF2707F0AE0035BEFB /* Build configuration list for PBXNativeTarget "SimpleMediaReaderExampleSwiftUITests" */ = {
			isa = XCConfigurationList;
			buildConfigurations = (
				DE9F05B02707F0AE0035BEFB /* Debug */,
				DE9F05B12707F0AE0035BEFB /* Release */,
			);
			defaultConfigurationIsVisible = 0;
			defaultConfigurationName = Release;
		};
		DE9F05B22707F0AE0035BEFB /* Build configuration list for PBXNativeTarget "SimpleMediaReaderExampleSwiftUIUITests" */ = {
			isa = XCConfigurationList;
			buildConfigurations = (
				DE9F05B32707F0AE0035BEFB /* Debug */,
				DE9F05B42707F0AE0035BEFB /* Release */,
			);
			defaultConfigurationIsVisible = 0;
			defaultConfigurationName = Release;
		};
/* End XCConfigurationList section */
	};
	rootObject = DE9F05802707F0AC0035BEFB /* Project object */;
}
